// !$*UTF8*$!
{
	archiveVersion = 1;
	classes = {
	};
	objectVersion = 46;
	objects = {

/* Begin PBXBuildFile section */
		33673CD01F58FA6400ECE5D4 /* main.m in Sources */ = {isa = PBXBuildFile; fileRef = 33673CCF1F58FA6400ECE5D4 /* main.m */; };
		33673CDC1F58FA6400ECE5D4 /* KnowledgeSummaryOfObjectC.xcdatamodeld in Sources */ = {isa = PBXBuildFile; fileRef = 33673CDA1F58FA6400ECE5D4 /* KnowledgeSummaryOfObjectC.xcdatamodeld */; };
		33673CDE1F58FA6400ECE5D4 /* Assets.xcassets in Resources */ = {isa = PBXBuildFile; fileRef = 33673CDD1F58FA6400ECE5D4 /* Assets.xcassets */; };
		33673CEC1F58FA6400ECE5D4 /* KnowledgeSummaryOfObjectCTests.m in Sources */ = {isa = PBXBuildFile; fileRef = 33673CEB1F58FA6400ECE5D4 /* KnowledgeSummaryOfObjectCTests.m */; };
		33673CF71F58FA6400ECE5D4 /* KnowledgeSummaryOfObjectCUITests.m in Sources */ = {isa = PBXBuildFile; fileRef = 33673CF61F58FA6400ECE5D4 /* KnowledgeSummaryOfObjectCUITests.m */; };
		33673D151F58FC1C00ECE5D4 /* UIView+Extension.m in Sources */ = {isa = PBXBuildFile; fileRef = 33673D141F58FC1C00ECE5D4 /* UIView+Extension.m */; };
		33673D201F5902B100ECE5D4 /* ViewController.m in Sources */ = {isa = PBXBuildFile; fileRef = 33673D1F1F5902B100ECE5D4 /* ViewController.m */; };
		33673D261F59035000ECE5D4 /* AppDelegate.m in Sources */ = {isa = PBXBuildFile; fileRef = 33673D251F59035000ECE5D4 /* AppDelegate.m */; };
		33673D321F59060600ECE5D4 /* MemoryManageViewController.m in Sources */ = {isa = PBXBuildFile; fileRef = 33673D2F1F59060600ECE5D4 /* MemoryManageViewController.m */; };
		33673D381F590F7700ECE5D4 /* AboutCopyViewController.m in Sources */ = {isa = PBXBuildFile; fileRef = 33673D371F590F7700ECE5D4 /* AboutCopyViewController.m */; };
/* End PBXBuildFile section */

/* Begin PBXContainerItemProxy section */
		33673CE81F58FA6400ECE5D4 /* PBXContainerItemProxy */ = {
			isa = PBXContainerItemProxy;
			containerPortal = 33673CC31F58FA6300ECE5D4 /* Project object */;
			proxyType = 1;
			remoteGlobalIDString = 33673CCA1F58FA6300ECE5D4;
			remoteInfo = KnowledgeSummaryOfObjectC;
		};
		33673CF31F58FA6400ECE5D4 /* PBXContainerItemProxy */ = {
			isa = PBXContainerItemProxy;
			containerPortal = 33673CC31F58FA6300ECE5D4 /* Project object */;
			proxyType = 1;
			remoteGlobalIDString = 33673CCA1F58FA6300ECE5D4;
			remoteInfo = KnowledgeSummaryOfObjectC;
		};
/* End PBXContainerItemProxy section */

/* Begin PBXFileReference section */
		33673CCB1F58FA6400ECE5D4 /* KnowledgeSummaryOfObjectC.app */ = {isa = PBXFileReference; explicitFileType = wrapper.application; includeInIndex = 0; path = KnowledgeSummaryOfObjectC.app; sourceTree = BUILT_PRODUCTS_DIR; };
		33673CCF1F58FA6400ECE5D4 /* main.m */ = {isa = PBXFileReference; lastKnownFileType = sourcecode.c.objc; path = main.m; sourceTree = "<group>"; };
		33673CDB1F58FA6400ECE5D4 /* KnowledgeSummaryOfObjectC.xcdatamodel */ = {isa = PBXFileReference; lastKnownFileType = wrapper.xcdatamodel; path = KnowledgeSummaryOfObjectC.xcdatamodel; sourceTree = "<group>"; };
		33673CDD1F58FA6400ECE5D4 /* Assets.xcassets */ = {isa = PBXFileReference; lastKnownFileType = folder.assetcatalog; path = Assets.xcassets; sourceTree = "<group>"; };
		33673CE21F58FA6400ECE5D4 /* Info.plist */ = {isa = PBXFileReference; lastKnownFileType = text.plist.xml; path = Info.plist; sourceTree = "<group>"; };
		33673CE71F58FA6400ECE5D4 /* KnowledgeSummaryOfObjectCTests.xctest */ = {isa = PBXFileReference; explicitFileType = wrapper.cfbundle; includeInIndex = 0; path = KnowledgeSummaryOfObjectCTests.xctest; sourceTree = BUILT_PRODUCTS_DIR; };
		33673CEB1F58FA6400ECE5D4 /* KnowledgeSummaryOfObjectCTests.m */ = {isa = PBXFileReference; lastKnownFileType = sourcecode.c.objc; path = KnowledgeSummaryOfObjectCTests.m; sourceTree = "<group>"; };
		33673CED1F58FA6400ECE5D4 /* Info.plist */ = {isa = PBXFileReference; lastKnownFileType = text.plist.xml; path = Info.plist; sourceTree = "<group>"; };
		33673CF21F58FA6400ECE5D4 /* KnowledgeSummaryOfObjectCUITests.xctest */ = {isa = PBXFileReference; explicitFileType = wrapper.cfbundle; includeInIndex = 0; path = KnowledgeSummaryOfObjectCUITests.xctest; sourceTree = BUILT_PRODUCTS_DIR; };
		33673CF61F58FA6400ECE5D4 /* KnowledgeSummaryOfObjectCUITests.m */ = {isa = PBXFileReference; lastKnownFileType = sourcecode.c.objc; path = KnowledgeSummaryOfObjectCUITests.m; sourceTree = "<group>"; };
		33673CF81F58FA6400ECE5D4 /* Info.plist */ = {isa = PBXFileReference; lastKnownFileType = text.plist.xml; path = Info.plist; sourceTree = "<group>"; };
		33673D131F58FC1C00ECE5D4 /* UIView+Extension.h */ = {isa = PBXFileReference; fileEncoding = 4; lastKnownFileType = sourcecode.c.h; path = "UIView+Extension.h"; sourceTree = "<group>"; };
		33673D141F58FC1C00ECE5D4 /* UIView+Extension.m */ = {isa = PBXFileReference; fileEncoding = 4; lastKnownFileType = sourcecode.c.objc; path = "UIView+Extension.m"; sourceTree = "<group>"; };
		33673D1E1F5902B100ECE5D4 /* ViewController.h */ = {isa = PBXFileReference; fileEncoding = 4; lastKnownFileType = sourcecode.c.h; path = ViewController.h; sourceTree = "<group>"; };
		33673D1F1F5902B100ECE5D4 /* ViewController.m */ = {isa = PBXFileReference; fileEncoding = 4; lastKnownFileType = sourcecode.c.objc; path = ViewController.m; sourceTree = "<group>"; };
		33673D241F59035000ECE5D4 /* AppDelegate.h */ = {isa = PBXFileReference; fileEncoding = 4; lastKnownFileType = sourcecode.c.h; path = AppDelegate.h; sourceTree = "<group>"; };
		33673D251F59035000ECE5D4 /* AppDelegate.m */ = {isa = PBXFileReference; fileEncoding = 4; lastKnownFileType = sourcecode.c.objc; path = AppDelegate.m; sourceTree = "<group>"; };
		33673D2E1F59060600ECE5D4 /* MemoryManageViewController.h */ = {isa = PBXFileReference; fileEncoding = 4; lastKnownFileType = sourcecode.c.h; path = MemoryManageViewController.h; sourceTree = "<group>"; };
		33673D2F1F59060600ECE5D4 /* MemoryManageViewController.m */ = {isa = PBXFileReference; fileEncoding = 4; lastKnownFileType = sourcecode.c.objc; path = MemoryManageViewController.m; sourceTree = "<group>"; };
		33673D361F590F7700ECE5D4 /* AboutCopyViewController.h */ = {isa = PBXFileReference; fileEncoding = 4; lastKnownFileType = sourcecode.c.h; path = AboutCopyViewController.h; sourceTree = "<group>"; };
		33673D371F590F7700ECE5D4 /* AboutCopyViewController.m */ = {isa = PBXFileReference; fileEncoding = 4; lastKnownFileType = sourcecode.c.objc; path = AboutCopyViewController.m; sourceTree = "<group>"; };
/* End PBXFileReference section */

/* Begin PBXFrameworksBuildPhase section */
		33673CC81F58FA6300ECE5D4 /* Frameworks */ = {
			isa = PBXFrameworksBuildPhase;
			buildActionMask = 2147483647;
			files = (
			);
			runOnlyForDeploymentPostprocessing = 0;
		};
		33673CE41F58FA6400ECE5D4 /* Frameworks */ = {
			isa = PBXFrameworksBuildPhase;
			buildActionMask = 2147483647;
			files = (
			);
			runOnlyForDeploymentPostprocessing = 0;
		};
		33673CEF1F58FA6400ECE5D4 /* Frameworks */ = {
			isa = PBXFrameworksBuildPhase;
			buildActionMask = 2147483647;
			files = (
			);
			runOnlyForDeploymentPostprocessing = 0;
		};
/* End PBXFrameworksBuildPhase section */

/* Begin PBXGroup section */
		33673CC21F58FA6300ECE5D4 = {
			isa = PBXGroup;
			children = (
				33673CCD1F58FA6400ECE5D4 /* KnowledgeSummaryOfObjectC */,
				33673CEA1F58FA6400ECE5D4 /* KnowledgeSummaryOfObjectCTests */,
				33673CF51F58FA6400ECE5D4 /* KnowledgeSummaryOfObjectCUITests */,
				33673CCC1F58FA6400ECE5D4 /* Products */,
			);
			sourceTree = "<group>";
		};
		33673CCC1F58FA6400ECE5D4 /* Products */ = {
			isa = PBXGroup;
			children = (
				33673CCB1F58FA6400ECE5D4 /* KnowledgeSummaryOfObjectC.app */,
				33673CE71F58FA6400ECE5D4 /* KnowledgeSummaryOfObjectCTests.xctest */,
				33673CF21F58FA6400ECE5D4 /* KnowledgeSummaryOfObjectCUITests.xctest */,
			);
			name = Products;
			sourceTree = "<group>";
		};
		33673CCD1F58FA6400ECE5D4 /* KnowledgeSummaryOfObjectC */ = {
			isa = PBXGroup;
			children = (
				33673D231F59033300ECE5D4 /* Appdelegate */,
				33673D211F59030600ECE5D4 /* Library */,
				33673D221F59030600ECE5D4 /* Resource */,
				33673D121F58FC1C00ECE5D4 /* Additions */,
				33673D041F58FB6200ECE5D4 /* Class */,
				33673CDD1F58FA6400ECE5D4 /* Assets.xcassets */,
				33673CE21F58FA6400ECE5D4 /* Info.plist */,
				33673CDA1F58FA6400ECE5D4 /* KnowledgeSummaryOfObjectC.xcdatamodeld */,
				33673CCE1F58FA6400ECE5D4 /* Supporting Files */,
			);
			path = KnowledgeSummaryOfObjectC;
			sourceTree = "<group>";
		};
		33673CCE1F58FA6400ECE5D4 /* Supporting Files */ = {
			isa = PBXGroup;
			children = (
				33673CCF1F58FA6400ECE5D4 /* main.m */,
			);
			name = "Supporting Files";
			sourceTree = "<group>";
		};
		33673CEA1F58FA6400ECE5D4 /* KnowledgeSummaryOfObjectCTests */ = {
			isa = PBXGroup;
			children = (
				33673CEB1F58FA6400ECE5D4 /* KnowledgeSummaryOfObjectCTests.m */,
				33673CED1F58FA6400ECE5D4 /* Info.plist */,
			);
			path = KnowledgeSummaryOfObjectCTests;
			sourceTree = "<group>";
		};
		33673CF51F58FA6400ECE5D4 /* KnowledgeSummaryOfObjectCUITests */ = {
			isa = PBXGroup;
			children = (
				33673CF61F58FA6400ECE5D4 /* KnowledgeSummaryOfObjectCUITests.m */,
				33673CF81F58FA6400ECE5D4 /* Info.plist */,
			);
			path = KnowledgeSummaryOfObjectCUITests;
			sourceTree = "<group>";
		};
		33673D041F58FB6200ECE5D4 /* Class */ = {
			isa = PBXGroup;
			children = (
				33673D161F5901B400ECE5D4 /* CommonPart */,
				33673D281F59050200ECE5D4 /* MemoryManagement */,
			);
			path = Class;
			sourceTree = "<group>";
		};
		33673D121F58FC1C00ECE5D4 /* Additions */ = {
			isa = PBXGroup;
			children = (
				33673D131F58FC1C00ECE5D4 /* UIView+Extension.h */,
				33673D141F58FC1C00ECE5D4 /* UIView+Extension.m */,
			);
			path = Additions;
			sourceTree = "<group>";
		};
		33673D161F5901B400ECE5D4 /* CommonPart */ = {
			isa = PBXGroup;
			children = (
				33673D171F59024500ECE5D4 /* Model */,
				33673D181F59024500ECE5D4 /* View */,
				33673D191F59024500ECE5D4 /* ViewController */,
				33673D1D1F59024500ECE5D4 /* ViewModel */,
			);
			path = CommonPart;
			sourceTree = "<group>";
		};
		33673D171F59024500ECE5D4 /* Model */ = {
			isa = PBXGroup;
			children = (
			);
			path = Model;
			sourceTree = "<group>";
		};
		33673D181F59024500ECE5D4 /* View */ = {
			isa = PBXGroup;
			children = (
			);
			path = View;
			sourceTree = "<group>";
		};
		33673D191F59024500ECE5D4 /* ViewController */ = {
			isa = PBXGroup;
			children = (
				33673D1E1F5902B100ECE5D4 /* ViewController.h */,
				33673D1F1F5902B100ECE5D4 /* ViewController.m */,
			);
			path = ViewController;
			sourceTree = "<group>";
		};
		33673D1D1F59024500ECE5D4 /* ViewModel */ = {
			isa = PBXGroup;
			children = (
			);
			path = ViewModel;
			sourceTree = "<group>";
		};
		33673D211F59030600ECE5D4 /* Library */ = {
			isa = PBXGroup;
			children = (
			);
			path = Library;
			sourceTree = "<group>";
		};
		33673D221F59030600ECE5D4 /* Resource */ = {
			isa = PBXGroup;
			children = (
			);
			path = Resource;
			sourceTree = "<group>";
		};
		33673D231F59033300ECE5D4 /* Appdelegate */ = {
			isa = PBXGroup;
			children = (
				33673D241F59035000ECE5D4 /* AppDelegate.h */,
				33673D251F59035000ECE5D4 /* AppDelegate.m */,
			);
			path = Appdelegate;
			sourceTree = "<group>";
		};
		33673D281F59050200ECE5D4 /* MemoryManagement */ = {
			isa = PBXGroup;
			children = (
				33673D291F59060600ECE5D4 /* Model */,
				33673D2A1F59060600ECE5D4 /* View */,
				33673D2B1F59060600ECE5D4 /* ViewController */,
				33673D311F59060600ECE5D4 /* ViewModel */,
			);
			path = MemoryManagement;
			sourceTree = "<group>";
		};
		33673D291F59060600ECE5D4 /* Model */ = {
			isa = PBXGroup;
			children = (
			);
			path = Model;
			sourceTree = "<group>";
		};
		33673D2A1F59060600ECE5D4 /* View */ = {
			isa = PBXGroup;
			children = (
			);
			path = View;
			sourceTree = "<group>";
		};
		33673D2B1F59060600ECE5D4 /* ViewController */ = {
			isa = PBXGroup;
			children = (
				33673D2C1F59060600ECE5D4 /* Model */,
				33673D2D1F59060600ECE5D4 /* View */,
				33673D2E1F59060600ECE5D4 /* MemoryManageViewController.h */,
				33673D2F1F59060600ECE5D4 /* MemoryManageViewController.m */,
				33673D361F590F7700ECE5D4 /* AboutCopyViewController.h */,
				33673D371F590F7700ECE5D4 /* AboutCopyViewController.m */,
				33673D301F59060600ECE5D4 /* ViewModel */,
			);
			path = ViewController;
			sourceTree = "<group>";
		};
		33673D2C1F59060600ECE5D4 /* Model */ = {
			isa = PBXGroup;
			children = (
			);
			path = Model;
			sourceTree = "<group>";
		};
		33673D2D1F59060600ECE5D4 /* View */ = {
			isa = PBXGroup;
			children = (
			);
			path = View;
			sourceTree = "<group>";
		};
		33673D301F59060600ECE5D4 /* ViewModel */ = {
			isa = PBXGroup;
			children = (
			);
			path = ViewModel;
			sourceTree = "<group>";
		};
		33673D311F59060600ECE5D4 /* ViewModel */ = {
			isa = PBXGroup;
			children = (
			);
			path = ViewModel;
			sourceTree = "<group>";
		};
/* End PBXGroup section */

/* Begin PBXNativeTarget section */
		33673CCA1F58FA6300ECE5D4 /* KnowledgeSummaryOfObjectC */ = {
			isa = PBXNativeTarget;
			buildConfigurationList = 33673CFB1F58FA6400ECE5D4 /* Build configuration list for PBXNativeTarget "KnowledgeSummaryOfObjectC" */;
			buildPhases = (
				33673CC71F58FA6300ECE5D4 /* Sources */,
				33673CC81F58FA6300ECE5D4 /* Frameworks */,
				33673CC91F58FA6300ECE5D4 /* Resources */,
			);
			buildRules = (
			);
			dependencies = (
			);
			name = KnowledgeSummaryOfObjectC;
			productName = KnowledgeSummaryOfObjectC;
			productReference = 33673CCB1F58FA6400ECE5D4 /* KnowledgeSummaryOfObjectC.app */;
			productType = "com.apple.product-type.application";
		};
		33673CE61F58FA6400ECE5D4 /* KnowledgeSummaryOfObjectCTests */ = {
			isa = PBXNativeTarget;
			buildConfigurationList = 33673CFE1F58FA6400ECE5D4 /* Build configuration list for PBXNativeTarget "KnowledgeSummaryOfObjectCTests" */;
			buildPhases = (
				33673CE31F58FA6400ECE5D4 /* Sources */,
				33673CE41F58FA6400ECE5D4 /* Frameworks */,
				33673CE51F58FA6400ECE5D4 /* Resources */,
			);
			buildRules = (
			);
			dependencies = (
				33673CE91F58FA6400ECE5D4 /* PBXTargetDependency */,
			);
			name = KnowledgeSummaryOfObjectCTests;
			productName = KnowledgeSummaryOfObjectCTests;
			productReference = 33673CE71F58FA6400ECE5D4 /* KnowledgeSummaryOfObjectCTests.xctest */;
			productType = "com.apple.product-type.bundle.unit-test";
		};
		33673CF11F58FA6400ECE5D4 /* KnowledgeSummaryOfObjectCUITests */ = {
			isa = PBXNativeTarget;
			buildConfigurationList = 33673D011F58FA6400ECE5D4 /* Build configuration list for PBXNativeTarget "KnowledgeSummaryOfObjectCUITests" */;
			buildPhases = (
				33673CEE1F58FA6400ECE5D4 /* Sources */,
				33673CEF1F58FA6400ECE5D4 /* Frameworks */,
				33673CF01F58FA6400ECE5D4 /* Resources */,
			);
			buildRules = (
			);
			dependencies = (
				33673CF41F58FA6400ECE5D4 /* PBXTargetDependency */,
			);
			name = KnowledgeSummaryOfObjectCUITests;
			productName = KnowledgeSummaryOfObjectCUITests;
			productReference = 33673CF21F58FA6400ECE5D4 /* KnowledgeSummaryOfObjectCUITests.xctest */;
			productType = "com.apple.product-type.bundle.ui-testing";
		};
/* End PBXNativeTarget section */

/* Begin PBXProject section */
		33673CC31F58FA6300ECE5D4 /* Project object */ = {
			isa = PBXProject;
			attributes = {
				LastUpgradeCheck = 0830;
				ORGANIZATIONNAME = "张玺";
				TargetAttributes = {
					33673CCA1F58FA6300ECE5D4 = {
						CreatedOnToolsVersion = 8.3.3;
						DevelopmentTeam = MS8TX68Z59;
						ProvisioningStyle = Automatic;
					};
					33673CE61F58FA6400ECE5D4 = {
						CreatedOnToolsVersion = 8.3.3;
						DevelopmentTeam = MS8TX68Z59;
						ProvisioningStyle = Automatic;
						TestTargetID = 33673CCA1F58FA6300ECE5D4;
					};
					33673CF11F58FA6400ECE5D4 = {
						CreatedOnToolsVersion = 8.3.3;
						DevelopmentTeam = MS8TX68Z59;
						ProvisioningStyle = Automatic;
						TestTargetID = 33673CCA1F58FA6300ECE5D4;
					};
				};
			};
			buildConfigurationList = 33673CC61F58FA6300ECE5D4 /* Build configuration list for PBXProject "KnowledgeSummaryOfObjectC" */;
			compatibilityVersion = "Xcode 3.2";
			developmentRegion = English;
			hasScannedForEncodings = 0;
			knownRegions = (
				en,
				Base,
			);
			mainGroup = 33673CC21F58FA6300ECE5D4;
			productRefGroup = 33673CCC1F58FA6400ECE5D4 /* Products */;
			projectDirPath = "";
			projectRoot = "";
			targets = (
				33673CCA1F58FA6300ECE5D4 /* KnowledgeSummaryOfObjectC */,
				33673CE61F58FA6400ECE5D4 /* KnowledgeSummaryOfObjectCTests */,
				33673CF11F58FA6400ECE5D4 /* KnowledgeSummaryOfObjectCUITests */,
			);
		};
/* End PBXProject section */

/* Begin PBXResourcesBuildPhase section */
		33673CC91F58FA6300ECE5D4 /* Resources */ = {
			isa = PBXResourcesBuildPhase;
			buildActionMask = 2147483647;
			files = (
				33673CDE1F58FA6400ECE5D4 /* Assets.xcassets in Resources */,
			);
			runOnlyForDeploymentPostprocessing = 0;
		};
		33673CE51F58FA6400ECE5D4 /* Resources */ = {
			isa = PBXResourcesBuildPhase;
			buildActionMask = 2147483647;
			files = (
			);
			runOnlyForDeploymentPostprocessing = 0;
		};
		33673CF01F58FA6400ECE5D4 /* Resources */ = {
			isa = PBXResourcesBuildPhase;
			buildActionMask = 2147483647;
			files = (
			);
			runOnlyForDeploymentPostprocessing = 0;
		};
/* End PBXResourcesBuildPhase section */

/* Begin PBXSourcesBuildPhase section */
		33673CC71F58FA6300ECE5D4 /* Sources */ = {
			isa = PBXSourcesBuildPhase;
			buildActionMask = 2147483647;
			files = (
				33673D321F59060600ECE5D4 /* MemoryManageViewController.m in Sources */,
				33673D151F58FC1C00ECE5D4 /* UIView+Extension.m in Sources */,
				33673D381F590F7700ECE5D4 /* AboutCopyViewController.m in Sources */,
				33673D261F59035000ECE5D4 /* AppDelegate.m in Sources */,
				33673CD01F58FA6400ECE5D4 /* main.m in Sources */,
				33673CDC1F58FA6400ECE5D4 /* KnowledgeSummaryOfObjectC.xcdatamodeld in Sources */,
				33673D201F5902B100ECE5D4 /* ViewController.m in Sources */,
			);
			runOnlyForDeploymentPostprocessing = 0;
		};
		33673CE31F58FA6400ECE5D4 /* Sources */ = {
			isa = PBXSourcesBuildPhase;
			buildActionMask = 2147483647;
			files = (
				33673CEC1F58FA6400ECE5D4 /* KnowledgeSummaryOfObjectCTests.m in Sources */,
			);
			runOnlyForDeploymentPostprocessing = 0;
		};
		33673CEE1F58FA6400ECE5D4 /* Sources */ = {
			isa = PBXSourcesBuildPhase;
			buildActionMask = 2147483647;
			files = (
				33673CF71F58FA6400ECE5D4 /* KnowledgeSummaryOfObjectCUITests.m in Sources */,
			);
			runOnlyForDeploymentPostprocessing = 0;
		};
/* End PBXSourcesBuildPhase section */

/* Begin PBXTargetDependency section */
		33673CE91F58FA6400ECE5D4 /* PBXTargetDependency */ = {
			isa = PBXTargetDependency;
			target = 33673CCA1F58FA6300ECE5D4 /* KnowledgeSummaryOfObjectC */;
			targetProxy = 33673CE81F58FA6400ECE5D4 /* PBXContainerItemProxy */;
		};
		33673CF41F58FA6400ECE5D4 /* PBXTargetDependency */ = {
			isa = PBXTargetDependency;
			target = 33673CCA1F58FA6300ECE5D4 /* KnowledgeSummaryOfObjectC */;
			targetProxy = 33673CF31F58FA6400ECE5D4 /* PBXContainerItemProxy */;
		};
/* End PBXTargetDependency section */

/* Begin XCBuildConfiguration section */
		33673CF91F58FA6400ECE5D4 /* Debug */ = {
			isa = XCBuildConfiguration;
			buildSettings = {
				ALWAYS_SEARCH_USER_PATHS = NO;
				CLANG_ANALYZER_NONNULL = YES;
				CLANG_ANALYZER_NUMBER_OBJECT_CONVERSION = YES_AGGRESSIVE;
				CLANG_CXX_LANGUAGE_STANDARD = "gnu++0x";
				CLANG_CXX_LIBRARY = "libc++";
				CLANG_ENABLE_MODULES = YES;
				CLANG_ENABLE_OBJC_ARC = YES;
				CLANG_WARN_BOOL_CONVERSION = YES;
				CLANG_WARN_CONSTANT_CONVERSION = YES;
				CLANG_WARN_DIRECT_OBJC_ISA_USAGE = YES_ERROR;
				CLANG_WARN_DOCUMENTATION_COMMENTS = YES;
				CLANG_WARN_EMPTY_BODY = YES;
				CLANG_WARN_ENUM_CONVERSION = YES;
				CLANG_WARN_INFINITE_RECURSION = YES;
				CLANG_WARN_INT_CONVERSION = YES;
				CLANG_WARN_OBJC_ROOT_CLASS = YES_ERROR;
				CLANG_WARN_SUSPICIOUS_MOVE = YES;
				CLANG_WARN_UNREACHABLE_CODE = YES;
				CLANG_WARN__DUPLICATE_METHOD_MATCH = YES;
				"CODE_SIGN_IDENTITY[sdk=iphoneos*]" = "iPhone Developer";
				COPY_PHASE_STRIP = NO;
				DEBUG_INFORMATION_FORMAT = dwarf;
				ENABLE_STRICT_OBJC_MSGSEND = YES;
				ENABLE_TESTABILITY = YES;
				GCC_C_LANGUAGE_STANDARD = gnu99;
				GCC_DYNAMIC_NO_PIC = NO;
				GCC_NO_COMMON_BLOCKS = YES;
				GCC_OPTIMIZATION_LEVEL = 0;
				GCC_PREPROCESSOR_DEFINITIONS = (
					"DEBUG=1",
					"$(inherited)",
				);
				GCC_WARN_64_TO_32_BIT_CONVERSION = YES;
				GCC_WARN_ABOUT_RETURN_TYPE = YES_ERROR;
				GCC_WARN_UNDECLARED_SELECTOR = YES;
				GCC_WARN_UNINITIALIZED_AUTOS = YES_AGGRESSIVE;
				GCC_WARN_UNUSED_FUNCTION = YES;
				GCC_WARN_UNUSED_VARIABLE = YES;
				IPHONEOS_DEPLOYMENT_TARGET = 10.3;
				MTL_ENABLE_DEBUG_INFO = YES;
				ONLY_ACTIVE_ARCH = YES;
				SDKROOT = iphoneos;
				TARGETED_DEVICE_FAMILY = "1,2";
			};
			name = Debug;
		};
		33673CFA1F58FA6400ECE5D4 /* Release */ = {
			isa = XCBuildConfiguration;
			buildSettings = {
				ALWAYS_SEARCH_USER_PATHS = NO;
				CLANG_ANALYZER_NONNULL = YES;
				CLANG_ANALYZER_NUMBER_OBJECT_CONVERSION = YES_AGGRESSIVE;
				CLANG_CXX_LANGUAGE_STANDARD = "gnu++0x";
				CLANG_CXX_LIBRARY = "libc++";
				CLANG_ENABLE_MODULES = YES;
				CLANG_ENABLE_OBJC_ARC = YES;
				CLANG_WARN_BOOL_CONVERSION = YES;
				CLANG_WARN_CONSTANT_CONVERSION = YES;
				CLANG_WARN_DIRECT_OBJC_ISA_USAGE = YES_ERROR;
				CLANG_WARN_DOCUMENTATION_COMMENTS = YES;
				CLANG_WARN_EMPTY_BODY = YES;
				CLANG_WARN_ENUM_CONVERSION = YES;
				CLANG_WARN_INFINITE_RECURSION = YES;
				CLANG_WARN_INT_CONVERSION = YES;
				CLANG_WARN_OBJC_ROOT_CLASS = YES_ERROR;
				CLANG_WARN_SUSPICIOUS_MOVE = YES;
				CLANG_WARN_UNREACHABLE_CODE = YES;
				CLANG_WARN__DUPLICATE_METHOD_MATCH = YES;
				"CODE_SIGN_IDENTITY[sdk=iphoneos*]" = "iPhone Developer";
				COPY_PHASE_STRIP = NO;
				DEBUG_INFORMATION_FORMAT = "dwarf-with-dsym";
				ENABLE_NS_ASSERTIONS = NO;
				ENABLE_STRICT_OBJC_MSGSEND = YES;
				GCC_C_LANGUAGE_STANDARD = gnu99;
				GCC_NO_COMMON_BLOCKS = YES;
				GCC_WARN_64_TO_32_BIT_CONVERSION = YES;
				GCC_WARN_ABOUT_RETURN_TYPE = YES_ERROR;
				GCC_WARN_UNDECLARED_SELECTOR = YES;
				GCC_WARN_UNINITIALIZED_AUTOS = YES_AGGRESSIVE;
				GCC_WARN_UNUSED_FUNCTION = YES;
				GCC_WARN_UNUSED_VARIABLE = YES;
				IPHONEOS_DEPLOYMENT_TARGET = 10.3;
				MTL_ENABLE_DEBUG_INFO = NO;
				SDKROOT = iphoneos;
				TARGETED_DEVICE_FAMILY = "1,2";
				VALIDATE_PRODUCT = YES;
			};
			name = Release;
		};
		33673CFC1F58FA6400ECE5D4 /* Debug */ = {
			isa = XCBuildConfiguration;
			buildSettings = {
				ASSETCATALOG_COMPILER_APPICON_NAME = AppIcon;
				DEVELOPMENT_TEAM = MS8TX68Z59;
				INFOPLIST_FILE = KnowledgeSummaryOfObjectC/Info.plist;
				IPHONEOS_DEPLOYMENT_TARGET = 9.0;
				LD_RUNPATH_SEARCH_PATHS = "$(inherited) @executable_path/Frameworks";
				PRODUCT_BUNDLE_IDENTIFIER = www.zx.com.KnowledgeSummaryOfObjectC;
				PRODUCT_NAME = "$(TARGET_NAME)";
			};
			name = Debug;
		};
		33673CFD1F58FA6400ECE5D4 /* Release */ = {
			isa = XCBuildConfiguration;
			buildSettings = {
				ASSETCATALOG_COMPILER_APPICON_NAME = AppIcon;
				DEVELOPMENT_TEAM = MS8TX68Z59;
				INFOPLIST_FILE = KnowledgeSummaryOfObjectC/Info.plist;
				IPHONEOS_DEPLOYMENT_TARGET = 9.0;
				LD_RUNPATH_SEARCH_PATHS = "$(inherited) @executable_path/Frameworks";
				PRODUCT_BUNDLE_IDENTIFIER = www.zx.com.KnowledgeSummaryOfObjectC;
				PRODUCT_NAME = "$(TARGET_NAME)";
			};
			name = Release;
		};
		33673CFF1F58FA6400ECE5D4 /* Debug */ = {
			isa = XCBuildConfiguration;
			buildSettings = {
				BUNDLE_LOADER = "$(TEST_HOST)";
				DEVELOPMENT_TEAM = MS8TX68Z59;
				INFOPLIST_FILE = KnowledgeSummaryOfObjectCTests/Info.plist;
				LD_RUNPATH_SEARCH_PATHS = "$(inherited) @executable_path/Frameworks @loader_path/Frameworks";
				PRODUCT_BUNDLE_IDENTIFIER = www.zx.com.KnowledgeSummaryOfObjectCTests;
				PRODUCT_NAME = "$(TARGET_NAME)";
				TEST_HOST = "$(BUILT_PRODUCTS_DIR)/KnowledgeSummaryOfObjectC.app/KnowledgeSummaryOfObjectC";
			};
			name = Debug;
		};
		33673D001F58FA6400ECE5D4 /* Release */ = {
			isa = XCBuildConfiguration;
			buildSettings = {
				BUNDLE_LOADER = "$(TEST_HOST)";
				DEVELOPMENT_TEAM = MS8TX68Z59;
				INFOPLIST_FILE = KnowledgeSummaryOfObjectCTests/Info.plist;
				LD_RUNPATH_SEARCH_PATHS = "$(inherited) @executable_path/Frameworks @loader_path/Frameworks";
				PRODUCT_BUNDLE_IDENTIFIER = www.zx.com.KnowledgeSummaryOfObjectCTests;
				PRODUCT_NAME = "$(TARGET_NAME)";
				TEST_HOST = "$(BUILT_PRODUCTS_DIR)/KnowledgeSummaryOfObjectC.app/KnowledgeSummaryOfObjectC";
			};
			name = Release;
		};
		33673D021F58FA6400ECE5D4 /* Debug */ = {
			isa = XCBuildConfiguration;
			buildSettings = {
				DEVELOPMENT_TEAM = MS8TX68Z59;
				INFOPLIST_FILE = KnowledgeSummaryOfObjectCUITests/Info.plist;
				LD_RUNPATH_SEARCH_PATHS = "$(inherited) @executable_path/Frameworks @loader_path/Frameworks";
				PRODUCT_BUNDLE_IDENTIFIER = www.zx.com.KnowledgeSummaryOfObjectCUITests;
				PRODUCT_NAME = "$(TARGET_NAME)";
				TEST_TARGET_NAME = KnowledgeSummaryOfObjectC;
			};
			name = Debug;
		};
		33673D031F58FA6400ECE5D4 /* Release */ = {
			isa = XCBuildConfiguration;
			buildSettings = {
				DEVELOPMENT_TEAM = MS8TX68Z59;
				INFOPLIST_FILE = KnowledgeSummaryOfObjectCUITests/Info.plist;
				LD_RUNPATH_SEARCH_PATHS = "$(inherited) @executable_path/Frameworks @loader_path/Frameworks";
				PRODUCT_BUNDLE_IDENTIFIER = www.zx.com.KnowledgeSummaryOfObjectCUITests;
				PRODUCT_NAME = "$(TARGET_NAME)";
				TEST_TARGET_NAME = KnowledgeSummaryOfObjectC;
			};
			name = Release;
		};
/* End XCBuildConfiguration section */

/* Begin XCConfigurationList section */
		33673CC61F58FA6300ECE5D4 /* Build configuration list for PBXProject "KnowledgeSummaryOfObjectC" */ = {
			isa = XCConfigurationList;
			buildConfigurations = (
				33673CF91F58FA6400ECE5D4 /* Debug */,
				33673CFA1F58FA6400ECE5D4 /* Release */,
			);
			defaultConfigurationIsVisible = 0;
			defaultConfigurationName = Release;
		};
		33673CFB1F58FA6400ECE5D4 /* Build configuration list for PBXNativeTarget "KnowledgeSummaryOfObjectC" */ = {
			isa = XCConfigurationList;
			buildConfigurations = (
				33673CFC1F58FA6400ECE5D4 /* Debug */,
				33673CFD1F58FA6400ECE5D4 /* Release */,
			);
			defaultConfigurationIsVisible = 0;
			defaultConfigurationName = Release;
		};
		33673CFE1F58FA6400ECE5D4 /* Build configuration list for PBXNativeTarget "KnowledgeSummaryOfObjectCTests" */ = {
			isa = XCConfigurationList;
			buildConfigurations = (
				33673CFF1F58FA6400ECE5D4 /* Debug */,
				33673D001F58FA6400ECE5D4 /* Release */,
			);
			defaultConfigurationIsVisible = 0;
			defaultConfigurationName = Release;
		};
		33673D011F58FA6400ECE5D4 /* Build configuration list for PBXNativeTarget "KnowledgeSummaryOfObjectCUITests" */ = {
			isa = XCConfigurationList;
			buildConfigurations = (
				33673D021F58FA6400ECE5D4 /* Debug */,
				33673D031F58FA6400ECE5D4 /* Release */,
			);
			defaultConfigurationIsVisible = 0;
			defaultConfigurationName = Release;
		};
/* End XCConfigurationList section */

/* Begin XCVersionGroup section */
		33673CDA1F58FA6400ECE5D4 /* KnowledgeSummaryOfObjectC.xcdatamodeld */ = {
			isa = XCVersionGroup;
			children = (
				33673CDB1F58FA6400ECE5D4 /* KnowledgeSummaryOfObjectC.xcdatamodel */,
			);
			currentVersion = 33673CDB1F58FA6400ECE5D4 /* KnowledgeSummaryOfObjectC.xcdatamodel */;
			path = KnowledgeSummaryOfObjectC.xcdatamodeld;
			sourceTree = "<group>";
			versionGroupType = wrapper.xcdatamodel;
		};
/* End XCVersionGroup section */
	};
	rootObject = 33673CC31F58FA6300ECE5D4 /* Project object */;
}
