// !$*UTF8*$!
{
	archiveVersion = 1;
	classes = {
	};
	objectVersion = 46;
	objects = {

/* Begin PBXBuildFile section */
		33021DD11F65763500E49A29 /* CrashLocationViewController.m in Sources */ = {isa = PBXBuildFile; fileRef = 33021DD01F65763500E49A29 /* CrashLocationViewController.m */; };
		332B8A2D1F7B7DB100DE9C1A /* JSCallNativeViewController.m in Sources */ = {isa = PBXBuildFile; fileRef = 332B8A2C1F7B7DB100DE9C1A /* JSCallNativeViewController.m */; };
		332B8A311F7B80E200DE9C1A /* index.html in Resources */ = {isa = PBXBuildFile; fileRef = 332B8A301F7B80E200DE9C1A /* index.html */; };
		3348385C1F7CEA3100BD17EE /* BaseView.m in Sources */ = {isa = PBXBuildFile; fileRef = 3348385B1F7CEA3100BD17EE /* BaseView.m */; };
		334839AF1F7CF02E00BD17EE /* RacPrimaryView.m in Sources */ = {isa = PBXBuildFile; fileRef = 334839A51F7CF02E00BD17EE /* RacPrimaryView.m */; };
		334839B01F7CF02E00BD17EE /* RacPrimaryController.m in Sources */ = {isa = PBXBuildFile; fileRef = 334839A91F7CF02E00BD17EE /* RacPrimaryController.m */; };
		334839B11F7CF02E00BD17EE /* RACViewController.m in Sources */ = {isa = PBXBuildFile; fileRef = 334839AB1F7CF02E00BD17EE /* RACViewController.m */; };
		33673CD01F58FA6400ECE5D4 /* main.m in Sources */ = {isa = PBXBuildFile; fileRef = 33673CCF1F58FA6400ECE5D4 /* main.m */; };
		33673CDC1F58FA6400ECE5D4 /* KnowledgeSummaryOfObjectC.xcdatamodeld in Sources */ = {isa = PBXBuildFile; fileRef = 33673CDA1F58FA6400ECE5D4 /* KnowledgeSummaryOfObjectC.xcdatamodeld */; };
		33673CDE1F58FA6400ECE5D4 /* Assets.xcassets in Resources */ = {isa = PBXBuildFile; fileRef = 33673CDD1F58FA6400ECE5D4 /* Assets.xcassets */; };
		33673CEC1F58FA6400ECE5D4 /* KnowledgeSummaryOfObjectCTests.m in Sources */ = {isa = PBXBuildFile; fileRef = 33673CEB1F58FA6400ECE5D4 /* KnowledgeSummaryOfObjectCTests.m */; };
		33673CF71F58FA6400ECE5D4 /* KnowledgeSummaryOfObjectCUITests.m in Sources */ = {isa = PBXBuildFile; fileRef = 33673CF61F58FA6400ECE5D4 /* KnowledgeSummaryOfObjectCUITests.m */; };
		33673D151F58FC1C00ECE5D4 /* UIView+Extension.m in Sources */ = {isa = PBXBuildFile; fileRef = 33673D141F58FC1C00ECE5D4 /* UIView+Extension.m */; };
		33673D261F59035000ECE5D4 /* AppDelegate.m in Sources */ = {isa = PBXBuildFile; fileRef = 33673D251F59035000ECE5D4 /* AppDelegate.m */; };
		336EFCFD1F7DF24200B8246F /* RacAdvanceController.m in Sources */ = {isa = PBXBuildFile; fileRef = 336EFCFC1F7DF24200B8246F /* RacAdvanceController.m */; };
		336EFD001F7DF50C00B8246F /* RacAdvanceView.m in Sources */ = {isa = PBXBuildFile; fileRef = 336EFCFF1F7DF50C00B8246F /* RacAdvanceView.m */; };
		336EFD0B1F7E1CB700B8246F /* CustomPopViewController.m in Sources */ = {isa = PBXBuildFile; fileRef = 336EFD0A1F7E1CB700B8246F /* CustomPopViewController.m */; };
		336EFD0E1F7E1E1100B8246F /* PopViewOneController.m in Sources */ = {isa = PBXBuildFile; fileRef = 336EFD0D1F7E1E1100B8246F /* PopViewOneController.m */; };
		336EFD111F7E1EC400B8246F /* PopViewOne.m in Sources */ = {isa = PBXBuildFile; fileRef = 336EFD101F7E1EC400B8246F /* PopViewOne.m */; };
		336EFD141F7E377700B8246F /* PopViewTwoController.m in Sources */ = {isa = PBXBuildFile; fileRef = 336EFD131F7E377700B8246F /* PopViewTwoController.m */; };
		336EFD1A1F7E388800B8246F /* PopViewTwo.m in Sources */ = {isa = PBXBuildFile; fileRef = 336EFD191F7E388800B8246F /* PopViewTwo.m */; };
		336EFD1D1F7E410900B8246F /* UIView+FITBackViewAddition.m in Sources */ = {isa = PBXBuildFile; fileRef = 336EFD1C1F7E410900B8246F /* UIView+FITBackViewAddition.m */; };
		3398DCF81F63FC2400D7A872 /* AnimationAndDrawViewController.m in Sources */ = {isa = PBXBuildFile; fileRef = 3398DCC61F63FC2400D7A872 /* AnimationAndDrawViewController.m */; };
		3398DCF91F63FC2400D7A872 /* CAGradientLayerViewController.m in Sources */ = {isa = PBXBuildFile; fileRef = 3398DCC81F63FC2400D7A872 /* CAGradientLayerViewController.m */; };
		3398DCFA1F63FC2400D7A872 /* CAShaplayerViewController.m in Sources */ = {isa = PBXBuildFile; fileRef = 3398DCCA1F63FC2400D7A872 /* CAShaplayerViewController.m */; };
		3398DCFB1F63FC2400D7A872 /* EarningsViewController.m in Sources */ = {isa = PBXBuildFile; fileRef = 3398DCCC1F63FC2400D7A872 /* EarningsViewController.m */; };
		3398DCFC1F63FC2400D7A872 /* KeyFrameViewController.m in Sources */ = {isa = PBXBuildFile; fileRef = 3398DCCE1F63FC2400D7A872 /* KeyFrameViewController.m */; };
		3398DCFD1F63FC2400D7A872 /* TransformViewController.m in Sources */ = {isa = PBXBuildFile; fileRef = 3398DCD11F63FC2400D7A872 /* TransformViewController.m */; };
		3398DCFE1F63FC2400D7A872 /* UIBezierPathViewController.m in Sources */ = {isa = PBXBuildFile; fileRef = 3398DCD31F63FC2400D7A872 /* UIBezierPathViewController.m */; };
		3398DD001F63FC2400D7A872 /* BaseViewController.m in Sources */ = {isa = PBXBuildFile; fileRef = 3398DCDE1F63FC2400D7A872 /* BaseViewController.m */; };
		3398DD011F63FC2400D7A872 /* ViewController.m in Sources */ = {isa = PBXBuildFile; fileRef = 3398DCE21F63FC2400D7A872 /* ViewController.m */; };
		3398DD021F63FC2400D7A872 /* AboutCopyViewController.m in Sources */ = {isa = PBXBuildFile; fileRef = 3398DCEA1F63FC2400D7A872 /* AboutCopyViewController.m */; };
		3398DD031F63FC2400D7A872 /* MemoryManageViewController.m in Sources */ = {isa = PBXBuildFile; fileRef = 3398DCEC1F63FC2400D7A872 /* MemoryManageViewController.m */; };
		3398DD061F640E0000D7A872 /* UIBezierPathCustomView.m in Sources */ = {isa = PBXBuildFile; fileRef = 3398DD051F640E0000D7A872 /* UIBezierPathCustomView.m */; };
		33BB26991F669E5300CDFA92 /* WebPracticeViewController.m in Sources */ = {isa = PBXBuildFile; fileRef = 33BB26981F669E5300CDFA92 /* WebPracticeViewController.m */; };
		E57D49A832B0A9AD19E3A921 /* libPods-KnowledgeSummaryOfObjectC.a in Frameworks */ = {isa = PBXBuildFile; fileRef = F536D8FD5550A22F3BCBF735 /* libPods-KnowledgeSummaryOfObjectC.a */; };
/* End PBXBuildFile section */

/* Begin PBXContainerItemProxy section */
		33673CE81F58FA6400ECE5D4 /* PBXContainerItemProxy */ = {
			isa = PBXContainerItemProxy;
			containerPortal = 33673CC31F58FA6300ECE5D4 /* Project object */;
			proxyType = 1;
			remoteGlobalIDString = 33673CCA1F58FA6300ECE5D4;
			remoteInfo = KnowledgeSummaryOfObjectC;
		};
		33673CF31F58FA6400ECE5D4 /* PBXContainerItemProxy */ = {
			isa = PBXContainerItemProxy;
			containerPortal = 33673CC31F58FA6300ECE5D4 /* Project object */;
			proxyType = 1;
			remoteGlobalIDString = 33673CCA1F58FA6300ECE5D4;
			remoteInfo = KnowledgeSummaryOfObjectC;
		};
/* End PBXContainerItemProxy section */

/* Begin PBXFileReference section */
		0B1FBABE29897B8DFDBCA683 /* Pods-KnowledgeSummaryOfObjectC.debug.xcconfig */ = {isa = PBXFileReference; includeInIndex = 1; lastKnownFileType = text.xcconfig; name = "Pods-KnowledgeSummaryOfObjectC.debug.xcconfig"; path = "Pods/Target Support Files/Pods-KnowledgeSummaryOfObjectC/Pods-KnowledgeSummaryOfObjectC.debug.xcconfig"; sourceTree = "<group>"; };
		33021DCF1F65763500E49A29 /* CrashLocationViewController.h */ = {isa = PBXFileReference; fileEncoding = 4; lastKnownFileType = sourcecode.c.h; path = CrashLocationViewController.h; sourceTree = "<group>"; };
		33021DD01F65763500E49A29 /* CrashLocationViewController.m */ = {isa = PBXFileReference; fileEncoding = 4; lastKnownFileType = sourcecode.c.objc; path = CrashLocationViewController.m; sourceTree = "<group>"; };
		332B8A2B1F7B7DB100DE9C1A /* JSCallNativeViewController.h */ = {isa = PBXFileReference; fileEncoding = 4; lastKnownFileType = sourcecode.c.h; path = JSCallNativeViewController.h; sourceTree = "<group>"; };
		332B8A2C1F7B7DB100DE9C1A /* JSCallNativeViewController.m */ = {isa = PBXFileReference; fileEncoding = 4; lastKnownFileType = sourcecode.c.objc; path = JSCallNativeViewController.m; sourceTree = "<group>"; };
		332B8A301F7B80E200DE9C1A /* index.html */ = {isa = PBXFileReference; fileEncoding = 4; lastKnownFileType = text.html; path = index.html; sourceTree = "<group>"; };
		3348385A1F7CEA3100BD17EE /* BaseView.h */ = {isa = PBXFileReference; fileEncoding = 4; lastKnownFileType = sourcecode.c.h; path = BaseView.h; sourceTree = "<group>"; };
		3348385B1F7CEA3100BD17EE /* BaseView.m */ = {isa = PBXFileReference; fileEncoding = 4; lastKnownFileType = sourcecode.c.objc; path = BaseView.m; sourceTree = "<group>"; };
		334839A41F7CF02E00BD17EE /* RacPrimaryView.h */ = {isa = PBXFileReference; fileEncoding = 4; lastKnownFileType = sourcecode.c.h; path = RacPrimaryView.h; sourceTree = "<group>"; };
		334839A51F7CF02E00BD17EE /* RacPrimaryView.m */ = {isa = PBXFileReference; fileEncoding = 4; lastKnownFileType = sourcecode.c.objc; path = RacPrimaryView.m; sourceTree = "<group>"; };
		334839A81F7CF02E00BD17EE /* RacPrimaryController.h */ = {isa = PBXFileReference; fileEncoding = 4; lastKnownFileType = sourcecode.c.h; path = RacPrimaryController.h; sourceTree = "<group>"; };
		334839A91F7CF02E00BD17EE /* RacPrimaryController.m */ = {isa = PBXFileReference; fileEncoding = 4; lastKnownFileType = sourcecode.c.objc; path = RacPrimaryController.m; sourceTree = "<group>"; };
		334839AA1F7CF02E00BD17EE /* RACViewController.h */ = {isa = PBXFileReference; fileEncoding = 4; lastKnownFileType = sourcecode.c.h; path = RACViewController.h; sourceTree = "<group>"; };
		334839AB1F7CF02E00BD17EE /* RACViewController.m */ = {isa = PBXFileReference; fileEncoding = 4; lastKnownFileType = sourcecode.c.objc; path = RACViewController.m; sourceTree = "<group>"; };
		33673CCB1F58FA6400ECE5D4 /* KnowledgeSummaryOfObjectC.app */ = {isa = PBXFileReference; explicitFileType = wrapper.application; includeInIndex = 0; path = KnowledgeSummaryOfObjectC.app; sourceTree = BUILT_PRODUCTS_DIR; };
		33673CCF1F58FA6400ECE5D4 /* main.m */ = {isa = PBXFileReference; lastKnownFileType = sourcecode.c.objc; path = main.m; sourceTree = "<group>"; };
		33673CDB1F58FA6400ECE5D4 /* KnowledgeSummaryOfObjectC.xcdatamodel */ = {isa = PBXFileReference; lastKnownFileType = wrapper.xcdatamodel; path = KnowledgeSummaryOfObjectC.xcdatamodel; sourceTree = "<group>"; };
		33673CDD1F58FA6400ECE5D4 /* Assets.xcassets */ = {isa = PBXFileReference; lastKnownFileType = folder.assetcatalog; path = Assets.xcassets; sourceTree = "<group>"; };
		33673CE21F58FA6400ECE5D4 /* Info.plist */ = {isa = PBXFileReference; lastKnownFileType = text.plist.xml; path = Info.plist; sourceTree = "<group>"; };
		33673CE71F58FA6400ECE5D4 /* KnowledgeSummaryOfObjectCTests.xctest */ = {isa = PBXFileReference; explicitFileType = wrapper.cfbundle; includeInIndex = 0; path = KnowledgeSummaryOfObjectCTests.xctest; sourceTree = BUILT_PRODUCTS_DIR; };
		33673CEB1F58FA6400ECE5D4 /* KnowledgeSummaryOfObjectCTests.m */ = {isa = PBXFileReference; lastKnownFileType = sourcecode.c.objc; path = KnowledgeSummaryOfObjectCTests.m; sourceTree = "<group>"; };
		33673CED1F58FA6400ECE5D4 /* Info.plist */ = {isa = PBXFileReference; lastKnownFileType = text.plist.xml; path = Info.plist; sourceTree = "<group>"; };
		33673CF21F58FA6400ECE5D4 /* KnowledgeSummaryOfObjectCUITests.xctest */ = {isa = PBXFileReference; explicitFileType = wrapper.cfbundle; includeInIndex = 0; path = KnowledgeSummaryOfObjectCUITests.xctest; sourceTree = BUILT_PRODUCTS_DIR; };
		33673CF61F58FA6400ECE5D4 /* KnowledgeSummaryOfObjectCUITests.m */ = {isa = PBXFileReference; lastKnownFileType = sourcecode.c.objc; path = KnowledgeSummaryOfObjectCUITests.m; sourceTree = "<group>"; };
		33673CF81F58FA6400ECE5D4 /* Info.plist */ = {isa = PBXFileReference; lastKnownFileType = text.plist.xml; path = Info.plist; sourceTree = "<group>"; };
		33673D131F58FC1C00ECE5D4 /* UIView+Extension.h */ = {isa = PBXFileReference; fileEncoding = 4; lastKnownFileType = sourcecode.c.h; path = "UIView+Extension.h"; sourceTree = "<group>"; };
		33673D141F58FC1C00ECE5D4 /* UIView+Extension.m */ = {isa = PBXFileReference; fileEncoding = 4; lastKnownFileType = sourcecode.c.objc; path = "UIView+Extension.m"; sourceTree = "<group>"; };
		33673D241F59035000ECE5D4 /* AppDelegate.h */ = {isa = PBXFileReference; fileEncoding = 4; lastKnownFileType = sourcecode.c.h; path = AppDelegate.h; sourceTree = "<group>"; };
		33673D251F59035000ECE5D4 /* AppDelegate.m */ = {isa = PBXFileReference; fileEncoding = 4; lastKnownFileType = sourcecode.c.objc; path = AppDelegate.m; sourceTree = "<group>"; };
		336EFCFB1F7DF24200B8246F /* RacAdvanceController.h */ = {isa = PBXFileReference; fileEncoding = 4; lastKnownFileType = sourcecode.c.h; path = RacAdvanceController.h; sourceTree = "<group>"; };
		336EFCFC1F7DF24200B8246F /* RacAdvanceController.m */ = {isa = PBXFileReference; fileEncoding = 4; lastKnownFileType = sourcecode.c.objc; path = RacAdvanceController.m; sourceTree = "<group>"; };
		336EFCFE1F7DF50C00B8246F /* RacAdvanceView.h */ = {isa = PBXFileReference; fileEncoding = 4; lastKnownFileType = sourcecode.c.h; path = RacAdvanceView.h; sourceTree = "<group>"; };
		336EFCFF1F7DF50C00B8246F /* RacAdvanceView.m */ = {isa = PBXFileReference; fileEncoding = 4; lastKnownFileType = sourcecode.c.objc; path = RacAdvanceView.m; sourceTree = "<group>"; };
		336EFD091F7E1CB700B8246F /* CustomPopViewController.h */ = {isa = PBXFileReference; fileEncoding = 4; lastKnownFileType = sourcecode.c.h; path = CustomPopViewController.h; sourceTree = "<group>"; };
		336EFD0A1F7E1CB700B8246F /* CustomPopViewController.m */ = {isa = PBXFileReference; fileEncoding = 4; lastKnownFileType = sourcecode.c.objc; path = CustomPopViewController.m; sourceTree = "<group>"; };
		336EFD0C1F7E1E1100B8246F /* PopViewOneController.h */ = {isa = PBXFileReference; fileEncoding = 4; lastKnownFileType = sourcecode.c.h; path = PopViewOneController.h; sourceTree = "<group>"; };
		336EFD0D1F7E1E1100B8246F /* PopViewOneController.m */ = {isa = PBXFileReference; fileEncoding = 4; lastKnownFileType = sourcecode.c.objc; path = PopViewOneController.m; sourceTree = "<group>"; };
		336EFD0F1F7E1EC400B8246F /* PopViewOne.h */ = {isa = PBXFileReference; fileEncoding = 4; lastKnownFileType = sourcecode.c.h; path = PopViewOne.h; sourceTree = "<group>"; };
		336EFD101F7E1EC400B8246F /* PopViewOne.m */ = {isa = PBXFileReference; fileEncoding = 4; lastKnownFileType = sourcecode.c.objc; path = PopViewOne.m; sourceTree = "<group>"; };
		336EFD121F7E377700B8246F /* PopViewTwoController.h */ = {isa = PBXFileReference; fileEncoding = 4; lastKnownFileType = sourcecode.c.h; path = PopViewTwoController.h; sourceTree = "<group>"; };
		336EFD131F7E377700B8246F /* PopViewTwoController.m */ = {isa = PBXFileReference; fileEncoding = 4; lastKnownFileType = sourcecode.c.objc; path = PopViewTwoController.m; sourceTree = "<group>"; };
		336EFD181F7E388800B8246F /* PopViewTwo.h */ = {isa = PBXFileReference; fileEncoding = 4; lastKnownFileType = sourcecode.c.h; path = PopViewTwo.h; sourceTree = "<group>"; };
		336EFD191F7E388800B8246F /* PopViewTwo.m */ = {isa = PBXFileReference; fileEncoding = 4; lastKnownFileType = sourcecode.c.objc; path = PopViewTwo.m; sourceTree = "<group>"; };
		336EFD1B1F7E410900B8246F /* UIView+FITBackViewAddition.h */ = {isa = PBXFileReference; fileEncoding = 4; lastKnownFileType = sourcecode.c.h; path = "UIView+FITBackViewAddition.h"; sourceTree = "<group>"; };
		336EFD1C1F7E410900B8246F /* UIView+FITBackViewAddition.m */ = {isa = PBXFileReference; fileEncoding = 4; lastKnownFileType = sourcecode.c.objc; path = "UIView+FITBackViewAddition.m"; sourceTree = "<group>"; };
		3398DCC51F63FC2400D7A872 /* AnimationAndDrawViewController.h */ = {isa = PBXFileReference; fileEncoding = 4; lastKnownFileType = sourcecode.c.h; path = AnimationAndDrawViewController.h; sourceTree = "<group>"; };
		3398DCC61F63FC2400D7A872 /* AnimationAndDrawViewController.m */ = {isa = PBXFileReference; fileEncoding = 4; lastKnownFileType = sourcecode.c.objc; path = AnimationAndDrawViewController.m; sourceTree = "<group>"; };
		3398DCC71F63FC2400D7A872 /* CAGradientLayerViewController.h */ = {isa = PBXFileReference; fileEncoding = 4; lastKnownFileType = sourcecode.c.h; path = CAGradientLayerViewController.h; sourceTree = "<group>"; };
		3398DCC81F63FC2400D7A872 /* CAGradientLayerViewController.m */ = {isa = PBXFileReference; fileEncoding = 4; lastKnownFileType = sourcecode.c.objc; path = CAGradientLayerViewController.m; sourceTree = "<group>"; };
		3398DCC91F63FC2400D7A872 /* CAShaplayerViewController.h */ = {isa = PBXFileReference; fileEncoding = 4; lastKnownFileType = sourcecode.c.h; path = CAShaplayerViewController.h; sourceTree = "<group>"; };
		3398DCCA1F63FC2400D7A872 /* CAShaplayerViewController.m */ = {isa = PBXFileReference; fileEncoding = 4; lastKnownFileType = sourcecode.c.objc; path = CAShaplayerViewController.m; sourceTree = "<group>"; };
		3398DCCB1F63FC2400D7A872 /* EarningsViewController.h */ = {isa = PBXFileReference; fileEncoding = 4; lastKnownFileType = sourcecode.c.h; path = EarningsViewController.h; sourceTree = "<group>"; };
		3398DCCC1F63FC2400D7A872 /* EarningsViewController.m */ = {isa = PBXFileReference; fileEncoding = 4; lastKnownFileType = sourcecode.c.objc; path = EarningsViewController.m; sourceTree = "<group>"; };
		3398DCCD1F63FC2400D7A872 /* KeyFrameViewController.h */ = {isa = PBXFileReference; fileEncoding = 4; lastKnownFileType = sourcecode.c.h; path = KeyFrameViewController.h; sourceTree = "<group>"; };
		3398DCCE1F63FC2400D7A872 /* KeyFrameViewController.m */ = {isa = PBXFileReference; fileEncoding = 4; lastKnownFileType = sourcecode.c.objc; path = KeyFrameViewController.m; sourceTree = "<group>"; };
		3398DCD01F63FC2400D7A872 /* TransformViewController.h */ = {isa = PBXFileReference; fileEncoding = 4; lastKnownFileType = sourcecode.c.h; path = TransformViewController.h; sourceTree = "<group>"; };
		3398DCD11F63FC2400D7A872 /* TransformViewController.m */ = {isa = PBXFileReference; fileEncoding = 4; lastKnownFileType = sourcecode.c.objc; path = TransformViewController.m; sourceTree = "<group>"; };
		3398DCD21F63FC2400D7A872 /* UIBezierPathViewController.h */ = {isa = PBXFileReference; fileEncoding = 4; lastKnownFileType = sourcecode.c.h; path = UIBezierPathViewController.h; sourceTree = "<group>"; };
		3398DCD31F63FC2400D7A872 /* UIBezierPathViewController.m */ = {isa = PBXFileReference; fileEncoding = 4; lastKnownFileType = sourcecode.c.objc; path = UIBezierPathViewController.m; sourceTree = "<group>"; };
		3398DCDD1F63FC2400D7A872 /* BaseViewController.h */ = {isa = PBXFileReference; fileEncoding = 4; lastKnownFileType = sourcecode.c.h; path = BaseViewController.h; sourceTree = "<group>"; };
		3398DCDE1F63FC2400D7A872 /* BaseViewController.m */ = {isa = PBXFileReference; fileEncoding = 4; lastKnownFileType = sourcecode.c.objc; path = BaseViewController.m; sourceTree = "<group>"; };
		3398DCE11F63FC2400D7A872 /* ViewController.h */ = {isa = PBXFileReference; fileEncoding = 4; lastKnownFileType = sourcecode.c.h; path = ViewController.h; sourceTree = "<group>"; };
		3398DCE21F63FC2400D7A872 /* ViewController.m */ = {isa = PBXFileReference; fileEncoding = 4; lastKnownFileType = sourcecode.c.objc; path = ViewController.m; sourceTree = "<group>"; };
		3398DCE91F63FC2400D7A872 /* AboutCopyViewController.h */ = {isa = PBXFileReference; fileEncoding = 4; lastKnownFileType = sourcecode.c.h; path = AboutCopyViewController.h; sourceTree = "<group>"; };
		3398DCEA1F63FC2400D7A872 /* AboutCopyViewController.m */ = {isa = PBXFileReference; fileEncoding = 4; lastKnownFileType = sourcecode.c.objc; path = AboutCopyViewController.m; sourceTree = "<group>"; };
		3398DCEB1F63FC2400D7A872 /* MemoryManageViewController.h */ = {isa = PBXFileReference; fileEncoding = 4; lastKnownFileType = sourcecode.c.h; path = MemoryManageViewController.h; sourceTree = "<group>"; };
		3398DCEC1F63FC2400D7A872 /* MemoryManageViewController.m */ = {isa = PBXFileReference; fileEncoding = 4; lastKnownFileType = sourcecode.c.objc; path = MemoryManageViewController.m; sourceTree = "<group>"; };
		3398DD041F640E0000D7A872 /* UIBezierPathCustomView.h */ = {isa = PBXFileReference; fileEncoding = 4; lastKnownFileType = sourcecode.c.h; path = UIBezierPathCustomView.h; sourceTree = "<group>"; };
		3398DD051F640E0000D7A872 /* UIBezierPathCustomView.m */ = {isa = PBXFileReference; fileEncoding = 4; lastKnownFileType = sourcecode.c.objc; path = UIBezierPathCustomView.m; sourceTree = "<group>"; };
		33BB26971F669E5300CDFA92 /* WebPracticeViewController.h */ = {isa = PBXFileReference; fileEncoding = 4; lastKnownFileType = sourcecode.c.h; path = WebPracticeViewController.h; sourceTree = "<group>"; };
		33BB26981F669E5300CDFA92 /* WebPracticeViewController.m */ = {isa = PBXFileReference; fileEncoding = 4; lastKnownFileType = sourcecode.c.objc; path = WebPracticeViewController.m; sourceTree = "<group>"; };
		BC5241152008B32581D9AE8E /* Pods-KnowledgeSummaryOfObjectC.release.xcconfig */ = {isa = PBXFileReference; includeInIndex = 1; lastKnownFileType = text.xcconfig; name = "Pods-KnowledgeSummaryOfObjectC.release.xcconfig"; path = "Pods/Target Support Files/Pods-KnowledgeSummaryOfObjectC/Pods-KnowledgeSummaryOfObjectC.release.xcconfig"; sourceTree = "<group>"; };
		F536D8FD5550A22F3BCBF735 /* libPods-KnowledgeSummaryOfObjectC.a */ = {isa = PBXFileReference; explicitFileType = archive.ar; includeInIndex = 0; path = "libPods-KnowledgeSummaryOfObjectC.a"; sourceTree = BUILT_PRODUCTS_DIR; };
/* End PBXFileReference section */

/* Begin PBXFrameworksBuildPhase section */
		33673CC81F58FA6300ECE5D4 /* Frameworks */ = {
			isa = PBXFrameworksBuildPhase;
			buildActionMask = 2147483647;
			files = (
				E57D49A832B0A9AD19E3A921 /* libPods-KnowledgeSummaryOfObjectC.a in Frameworks */,
			);
			runOnlyForDeploymentPostprocessing = 0;
		};
		33673CE41F58FA6400ECE5D4 /* Frameworks */ = {
			isa = PBXFrameworksBuildPhase;
			buildActionMask = 2147483647;
			files = (
			);
			runOnlyForDeploymentPostprocessing = 0;
		};
		33673CEF1F58FA6400ECE5D4 /* Frameworks */ = {
			isa = PBXFrameworksBuildPhase;
			buildActionMask = 2147483647;
			files = (
			);
			runOnlyForDeploymentPostprocessing = 0;
		};
/* End PBXFrameworksBuildPhase section */

/* Begin PBXGroup section */
		33021DC41F6575A000E49A29 /* CrashLocation */ = {
			isa = PBXGroup;
			children = (
				33021DC51F65760300E49A29 /* Model */,
				33021DC61F65760300E49A29 /* View */,
				33021DC71F65760300E49A29 /* ViewController */,
				33021DCC1F65760300E49A29 /* ViewModel */,
			);
			path = CrashLocation;
			sourceTree = "<group>";
		};
		33021DC51F65760300E49A29 /* Model */ = {
			isa = PBXGroup;
			children = (
			);
			path = Model;
			sourceTree = "<group>";
		};
		33021DC61F65760300E49A29 /* View */ = {
			isa = PBXGroup;
			children = (
			);
			path = View;
			sourceTree = "<group>";
		};
		33021DC71F65760300E49A29 /* ViewController */ = {
			isa = PBXGroup;
			children = (
				33021DCF1F65763500E49A29 /* CrashLocationViewController.h */,
				33021DD01F65763500E49A29 /* CrashLocationViewController.m */,
			);
			path = ViewController;
			sourceTree = "<group>";
		};
		33021DCC1F65760300E49A29 /* ViewModel */ = {
			isa = PBXGroup;
			children = (
			);
			path = ViewModel;
			sourceTree = "<group>";
		};
		332B8A2E1F7B80CB00DE9C1A /* Resources */ = {
			isa = PBXGroup;
			children = (
				332B8A2F1F7B80DA00DE9C1A /* Html */,
			);
			path = Resources;
			sourceTree = "<group>";
		};
		332B8A2F1F7B80DA00DE9C1A /* Html */ = {
			isa = PBXGroup;
			children = (
				332B8A301F7B80E200DE9C1A /* index.html */,
			);
			path = Html;
			sourceTree = "<group>";
		};
		332B8A321F7B81AC00DE9C1A /* Library */ = {
			isa = PBXGroup;
			children = (
			);
			path = Library;
			sourceTree = "<group>";
		};
		334839A11F7CF02300BD17EE /* RAC */ = {
			isa = PBXGroup;
			children = (
				334839A21F7CF02E00BD17EE /* Model */,
				334839A31F7CF02E00BD17EE /* View */,
				334839A61F7CF02E00BD17EE /* ViewController */,
				334839AE1F7CF02E00BD17EE /* ViewModel */,
			);
			path = RAC;
			sourceTree = "<group>";
		};
		334839A21F7CF02E00BD17EE /* Model */ = {
			isa = PBXGroup;
			children = (
			);
			path = Model;
			sourceTree = "<group>";
		};
		334839A31F7CF02E00BD17EE /* View */ = {
			isa = PBXGroup;
			children = (
				334839A41F7CF02E00BD17EE /* RacPrimaryView.h */,
				334839A51F7CF02E00BD17EE /* RacPrimaryView.m */,
				336EFCFE1F7DF50C00B8246F /* RacAdvanceView.h */,
				336EFCFF1F7DF50C00B8246F /* RacAdvanceView.m */,
			);
			path = View;
			sourceTree = "<group>";
		};
		334839A61F7CF02E00BD17EE /* ViewController */ = {
			isa = PBXGroup;
			children = (
				334839A71F7CF02E00BD17EE /* Model */,
				334839A81F7CF02E00BD17EE /* RacPrimaryController.h */,
				334839A91F7CF02E00BD17EE /* RacPrimaryController.m */,
				334839AA1F7CF02E00BD17EE /* RACViewController.h */,
				334839AB1F7CF02E00BD17EE /* RACViewController.m */,
				336EFCFB1F7DF24200B8246F /* RacAdvanceController.h */,
				336EFCFC1F7DF24200B8246F /* RacAdvanceController.m */,
				334839AC1F7CF02E00BD17EE /* View */,
				334839AD1F7CF02E00BD17EE /* ViewModel */,
			);
			path = ViewController;
			sourceTree = "<group>";
		};
		334839A71F7CF02E00BD17EE /* Model */ = {
			isa = PBXGroup;
			children = (
			);
			path = Model;
			sourceTree = "<group>";
		};
		334839AC1F7CF02E00BD17EE /* View */ = {
			isa = PBXGroup;
			children = (
			);
			path = View;
			sourceTree = "<group>";
		};
		334839AD1F7CF02E00BD17EE /* ViewModel */ = {
			isa = PBXGroup;
			children = (
			);
			path = ViewModel;
			sourceTree = "<group>";
		};
		334839AE1F7CF02E00BD17EE /* ViewModel */ = {
			isa = PBXGroup;
			children = (
			);
			path = ViewModel;
			sourceTree = "<group>";
		};
		33673CC21F58FA6300ECE5D4 = {
			isa = PBXGroup;
			children = (
				33673CCD1F58FA6400ECE5D4 /* KnowledgeSummaryOfObjectC */,
				33673CEA1F58FA6400ECE5D4 /* KnowledgeSummaryOfObjectCTests */,
				33673CF51F58FA6400ECE5D4 /* KnowledgeSummaryOfObjectCUITests */,
				33673CCC1F58FA6400ECE5D4 /* Products */,
				F90B6F490CF92D16AA2A00BE /* Pods */,
				8F9BEC53A383DDB9C48FB611 /* Frameworks */,
			);
			sourceTree = "<group>";
		};
		33673CCC1F58FA6400ECE5D4 /* Products */ = {
			isa = PBXGroup;
			children = (
				33673CCB1F58FA6400ECE5D4 /* KnowledgeSummaryOfObjectC.app */,
				33673CE71F58FA6400ECE5D4 /* KnowledgeSummaryOfObjectCTests.xctest */,
				33673CF21F58FA6400ECE5D4 /* KnowledgeSummaryOfObjectCUITests.xctest */,
			);
			name = Products;
			sourceTree = "<group>";
		};
		33673CCD1F58FA6400ECE5D4 /* KnowledgeSummaryOfObjectC */ = {
			isa = PBXGroup;
			children = (
				3398DCC01F63FC2400D7A872 /* Class */,
				33673D231F59033300ECE5D4 /* Appdelegate */,
				332B8A2E1F7B80CB00DE9C1A /* Resources */,
				332B8A321F7B81AC00DE9C1A /* Library */,
				33673D121F58FC1C00ECE5D4 /* Additions */,
				33673CDD1F58FA6400ECE5D4 /* Assets.xcassets */,
				33673CE21F58FA6400ECE5D4 /* Info.plist */,
				33673CDA1F58FA6400ECE5D4 /* KnowledgeSummaryOfObjectC.xcdatamodeld */,
				33673CCE1F58FA6400ECE5D4 /* Supporting Files */,
			);
			path = KnowledgeSummaryOfObjectC;
			sourceTree = "<group>";
		};
		33673CCE1F58FA6400ECE5D4 /* Supporting Files */ = {
			isa = PBXGroup;
			children = (
				33673CCF1F58FA6400ECE5D4 /* main.m */,
			);
			name = "Supporting Files";
			sourceTree = "<group>";
		};
		33673CEA1F58FA6400ECE5D4 /* KnowledgeSummaryOfObjectCTests */ = {
			isa = PBXGroup;
			children = (
				33673CEB1F58FA6400ECE5D4 /* KnowledgeSummaryOfObjectCTests.m */,
				33673CED1F58FA6400ECE5D4 /* Info.plist */,
			);
			path = KnowledgeSummaryOfObjectCTests;
			sourceTree = "<group>";
		};
		33673CF51F58FA6400ECE5D4 /* KnowledgeSummaryOfObjectCUITests */ = {
			isa = PBXGroup;
			children = (
				33673CF61F58FA6400ECE5D4 /* KnowledgeSummaryOfObjectCUITests.m */,
				33673CF81F58FA6400ECE5D4 /* Info.plist */,
			);
			path = KnowledgeSummaryOfObjectCUITests;
			sourceTree = "<group>";
		};
		33673D121F58FC1C00ECE5D4 /* Additions */ = {
			isa = PBXGroup;
			children = (
				33673D131F58FC1C00ECE5D4 /* UIView+Extension.h */,
				33673D141F58FC1C00ECE5D4 /* UIView+Extension.m */,
				336EFD1B1F7E410900B8246F /* UIView+FITBackViewAddition.h */,
				336EFD1C1F7E410900B8246F /* UIView+FITBackViewAddition.m */,
			);
			path = Additions;
			sourceTree = "<group>";
		};
		33673D231F59033300ECE5D4 /* Appdelegate */ = {
			isa = PBXGroup;
			children = (
				33673D241F59035000ECE5D4 /* AppDelegate.h */,
				33673D251F59035000ECE5D4 /* AppDelegate.m */,
			);
			path = Appdelegate;
			sourceTree = "<group>";
		};
		336EFD011F7E1C0F00B8246F /* CustomPopView */ = {
			isa = PBXGroup;
			children = (
				336EFD021F7E1C7D00B8246F /* Model */,
				336EFD031F7E1C7D00B8246F /* View */,
				336EFD041F7E1C7D00B8246F /* ViewController */,
				336EFD071F7E1C7D00B8246F /* ViewModel */,
			);
			path = CustomPopView;
			sourceTree = "<group>";
		};
		336EFD021F7E1C7D00B8246F /* Model */ = {
			isa = PBXGroup;
			children = (
			);
			path = Model;
			sourceTree = "<group>";
		};
		336EFD031F7E1C7D00B8246F /* View */ = {
			isa = PBXGroup;
			children = (
				336EFD0F1F7E1EC400B8246F /* PopViewOne.h */,
				336EFD101F7E1EC400B8246F /* PopViewOne.m */,
				336EFD181F7E388800B8246F /* PopViewTwo.h */,
				336EFD191F7E388800B8246F /* PopViewTwo.m */,
			);
			path = View;
			sourceTree = "<group>";
		};
		336EFD041F7E1C7D00B8246F /* ViewController */ = {
			isa = PBXGroup;
			children = (
				336EFD091F7E1CB700B8246F /* CustomPopViewController.h */,
				336EFD0A1F7E1CB700B8246F /* CustomPopViewController.m */,
				336EFD0C1F7E1E1100B8246F /* PopViewOneController.h */,
				336EFD0D1F7E1E1100B8246F /* PopViewOneController.m */,
				336EFD121F7E377700B8246F /* PopViewTwoController.h */,
				336EFD131F7E377700B8246F /* PopViewTwoController.m */,
			);
			path = ViewController;
			sourceTree = "<group>";
		};
		336EFD071F7E1C7D00B8246F /* ViewModel */ = {
			isa = PBXGroup;
			children = (
			);
			path = ViewModel;
			sourceTree = "<group>";
		};
		3398DCC01F63FC2400D7A872 /* Class */ = {
			isa = PBXGroup;
			children = (
				336EFD011F7E1C0F00B8246F /* CustomPopView */,
				334839A11F7CF02300BD17EE /* RAC */,
				3398DCD91F63FC2400D7A872 /* CommonPart */,
				3398DCE51F63FC2400D7A872 /* MemoryManagement */,
				3398DCC11F63FC2400D7A872 /* AnimationAndDraw */,
				33021DC41F6575A000E49A29 /* CrashLocation */,
				33BB268F1F669DFE00CDFA92 /* HtmlInteractive */,
			);
			path = Class;
			sourceTree = "<group>";
		};
		3398DCC11F63FC2400D7A872 /* AnimationAndDraw */ = {
			isa = PBXGroup;
			children = (
				3398DCC21F63FC2400D7A872 /* Model */,
				3398DCC31F63FC2400D7A872 /* View */,
				3398DCC41F63FC2400D7A872 /* ViewController */,
				3398DCD81F63FC2400D7A872 /* ViewModel */,
			);
			path = AnimationAndDraw;
			sourceTree = "<group>";
		};
		3398DCC21F63FC2400D7A872 /* Model */ = {
			isa = PBXGroup;
			children = (
			);
			path = Model;
			sourceTree = "<group>";
		};
		3398DCC31F63FC2400D7A872 /* View */ = {
			isa = PBXGroup;
			children = (
				3398DD041F640E0000D7A872 /* UIBezierPathCustomView.h */,
				3398DD051F640E0000D7A872 /* UIBezierPathCustomView.m */,
			);
			path = View;
			sourceTree = "<group>";
		};
		3398DCC41F63FC2400D7A872 /* ViewController */ = {
			isa = PBXGroup;
			children = (
				3398DCC51F63FC2400D7A872 /* AnimationAndDrawViewController.h */,
				3398DCC61F63FC2400D7A872 /* AnimationAndDrawViewController.m */,
				3398DCC71F63FC2400D7A872 /* CAGradientLayerViewController.h */,
				3398DCC81F63FC2400D7A872 /* CAGradientLayerViewController.m */,
				3398DCC91F63FC2400D7A872 /* CAShaplayerViewController.h */,
				3398DCCA1F63FC2400D7A872 /* CAShaplayerViewController.m */,
				3398DCCB1F63FC2400D7A872 /* EarningsViewController.h */,
				3398DCCC1F63FC2400D7A872 /* EarningsViewController.m */,
				3398DCCD1F63FC2400D7A872 /* KeyFrameViewController.h */,
				3398DCCE1F63FC2400D7A872 /* KeyFrameViewController.m */,
				3398DCD01F63FC2400D7A872 /* TransformViewController.h */,
				3398DCD11F63FC2400D7A872 /* TransformViewController.m */,
				3398DCD21F63FC2400D7A872 /* UIBezierPathViewController.h */,
				3398DCD31F63FC2400D7A872 /* UIBezierPathViewController.m */,
			);
			path = ViewController;
			sourceTree = "<group>";
		};
		3398DCD81F63FC2400D7A872 /* ViewModel */ = {
			isa = PBXGroup;
			children = (
			);
			path = ViewModel;
			sourceTree = "<group>";
		};
		3398DCD91F63FC2400D7A872 /* CommonPart */ = {
			isa = PBXGroup;
			children = (
				3398DCDA1F63FC2400D7A872 /* Model */,
				3398DCDB1F63FC2400D7A872 /* View */,
				3398DCDC1F63FC2400D7A872 /* ViewController */,
				3398DCE41F63FC2400D7A872 /* ViewModel */,
			);
			path = CommonPart;
			sourceTree = "<group>";
		};
		3398DCDA1F63FC2400D7A872 /* Model */ = {
			isa = PBXGroup;
			children = (
			);
			path = Model;
			sourceTree = "<group>";
		};
		3398DCDB1F63FC2400D7A872 /* View */ = {
			isa = PBXGroup;
			children = (
				3348385A1F7CEA3100BD17EE /* BaseView.h */,
				3348385B1F7CEA3100BD17EE /* BaseView.m */,
			);
			path = View;
			sourceTree = "<group>";
		};
		3398DCDC1F63FC2400D7A872 /* ViewController */ = {
			isa = PBXGroup;
			children = (
				3398DCDD1F63FC2400D7A872 /* BaseViewController.h */,
				3398DCDE1F63FC2400D7A872 /* BaseViewController.m */,
				3398DCE11F63FC2400D7A872 /* ViewController.h */,
				3398DCE21F63FC2400D7A872 /* ViewController.m */,
			);
			path = ViewController;
			sourceTree = "<group>";
		};
		3398DCE41F63FC2400D7A872 /* ViewModel */ = {
			isa = PBXGroup;
			children = (
			);
			path = ViewModel;
			sourceTree = "<group>";
		};
		3398DCE51F63FC2400D7A872 /* MemoryManagement */ = {
			isa = PBXGroup;
			children = (
				3398DCE61F63FC2400D7A872 /* Model */,
				3398DCE71F63FC2400D7A872 /* View */,
				3398DCE81F63FC2400D7A872 /* ViewController */,
				3398DCF01F63FC2400D7A872 /* ViewModel */,
			);
			path = MemoryManagement;
			sourceTree = "<group>";
		};
		3398DCE61F63FC2400D7A872 /* Model */ = {
			isa = PBXGroup;
			children = (
			);
			path = Model;
			sourceTree = "<group>";
		};
		3398DCE71F63FC2400D7A872 /* View */ = {
			isa = PBXGroup;
			children = (
			);
			path = View;
			sourceTree = "<group>";
		};
		3398DCE81F63FC2400D7A872 /* ViewController */ = {
			isa = PBXGroup;
			children = (
				3398DCE91F63FC2400D7A872 /* AboutCopyViewController.h */,
				3398DCEA1F63FC2400D7A872 /* AboutCopyViewController.m */,
				3398DCEB1F63FC2400D7A872 /* MemoryManageViewController.h */,
				3398DCEC1F63FC2400D7A872 /* MemoryManageViewController.m */,
			);
			path = ViewController;
			sourceTree = "<group>";
		};
		3398DCF01F63FC2400D7A872 /* ViewModel */ = {
			isa = PBXGroup;
			children = (
			);
			path = ViewModel;
			sourceTree = "<group>";
		};
		33BB268F1F669DFE00CDFA92 /* HtmlInteractive */ = {
			isa = PBXGroup;
			children = (
				33BB26901F669E1800CDFA92 /* Model */,
				33BB26911F669E1800CDFA92 /* View */,
				33BB26921F669E1800CDFA92 /* ViewController */,
				33BB26951F669E1800CDFA92 /* ViewModel */,
			);
			path = HtmlInteractive;
			sourceTree = "<group>";
		};
		33BB26901F669E1800CDFA92 /* Model */ = {
			isa = PBXGroup;
			children = (
			);
			path = Model;
			sourceTree = "<group>";
		};
		33BB26911F669E1800CDFA92 /* View */ = {
			isa = PBXGroup;
			children = (
			);
			path = View;
			sourceTree = "<group>";
		};
		33BB26921F669E1800CDFA92 /* ViewController */ = {
			isa = PBXGroup;
			children = (
				33BB26971F669E5300CDFA92 /* WebPracticeViewController.h */,
				33BB26981F669E5300CDFA92 /* WebPracticeViewController.m */,
				332B8A2B1F7B7DB100DE9C1A /* JSCallNativeViewController.h */,
				332B8A2C1F7B7DB100DE9C1A /* JSCallNativeViewController.m */,
			);
			path = ViewController;
			sourceTree = "<group>";
		};
		33BB26951F669E1800CDFA92 /* ViewModel */ = {
			isa = PBXGroup;
			children = (
			);
			path = ViewModel;
			sourceTree = "<group>";
		};
		8F9BEC53A383DDB9C48FB611 /* Frameworks */ = {
			isa = PBXGroup;
			children = (
				F536D8FD5550A22F3BCBF735 /* libPods-KnowledgeSummaryOfObjectC.a */,
			);
			name = Frameworks;
			sourceTree = "<group>";
		};
		F90B6F490CF92D16AA2A00BE /* Pods */ = {
			isa = PBXGroup;
			children = (
				0B1FBABE29897B8DFDBCA683 /* Pods-KnowledgeSummaryOfObjectC.debug.xcconfig */,
				BC5241152008B32581D9AE8E /* Pods-KnowledgeSummaryOfObjectC.release.xcconfig */,
			);
			name = Pods;
			sourceTree = "<group>";
		};
/* End PBXGroup section */

/* Begin PBXNativeTarget section */
		33673CCA1F58FA6300ECE5D4 /* KnowledgeSummaryOfObjectC */ = {
			isa = PBXNativeTarget;
			buildConfigurationList = 33673CFB1F58FA6400ECE5D4 /* Build configuration list for PBXNativeTarget "KnowledgeSummaryOfObjectC" */;
			buildPhases = (
				71C215A07500B57F7D7FBC7D /* [CP] Check Pods Manifest.lock */,
				33673CC71F58FA6300ECE5D4 /* Sources */,
				33673CC81F58FA6300ECE5D4 /* Frameworks */,
				33673CC91F58FA6300ECE5D4 /* Resources */,
				ABB5DEBD2C6F69B68BD1F1B1 /* [CP] Embed Pods Frameworks */,
				8BAE6832FFC9287F72231C28 /* [CP] Copy Pods Resources */,
			);
			buildRules = (
			);
			dependencies = (
			);
			name = KnowledgeSummaryOfObjectC;
			productName = KnowledgeSummaryOfObjectC;
			productReference = 33673CCB1F58FA6400ECE5D4 /* KnowledgeSummaryOfObjectC.app */;
			productType = "com.apple.product-type.application";
		};
		33673CE61F58FA6400ECE5D4 /* KnowledgeSummaryOfObjectCTests */ = {
			isa = PBXNativeTarget;
			buildConfigurationList = 33673CFE1F58FA6400ECE5D4 /* Build configuration list for PBXNativeTarget "KnowledgeSummaryOfObjectCTests" */;
			buildPhases = (
				33673CE31F58FA6400ECE5D4 /* Sources */,
				33673CE41F58FA6400ECE5D4 /* Frameworks */,
				33673CE51F58FA6400ECE5D4 /* Resources */,
			);
			buildRules = (
			);
			dependencies = (
				33673CE91F58FA6400ECE5D4 /* PBXTargetDependency */,
			);
			name = KnowledgeSummaryOfObjectCTests;
			productName = KnowledgeSummaryOfObjectCTests;
			productReference = 33673CE71F58FA6400ECE5D4 /* KnowledgeSummaryOfObjectCTests.xctest */;
			productType = "com.apple.product-type.bundle.unit-test";
		};
		33673CF11F58FA6400ECE5D4 /* KnowledgeSummaryOfObjectCUITests */ = {
			isa = PBXNativeTarget;
			buildConfigurationList = 33673D011F58FA6400ECE5D4 /* Build configuration list for PBXNativeTarget "KnowledgeSummaryOfObjectCUITests" */;
			buildPhases = (
				33673CEE1F58FA6400ECE5D4 /* Sources */,
				33673CEF1F58FA6400ECE5D4 /* Frameworks */,
				33673CF01F58FA6400ECE5D4 /* Resources */,
			);
			buildRules = (
			);
			dependencies = (
				33673CF41F58FA6400ECE5D4 /* PBXTargetDependency */,
			);
			name = KnowledgeSummaryOfObjectCUITests;
			productName = KnowledgeSummaryOfObjectCUITests;
			productReference = 33673CF21F58FA6400ECE5D4 /* KnowledgeSummaryOfObjectCUITests.xctest */;
			productType = "com.apple.product-type.bundle.ui-testing";
		};
/* End PBXNativeTarget section */

/* Begin PBXProject section */
		33673CC31F58FA6300ECE5D4 /* Project object */ = {
			isa = PBXProject;
			attributes = {
				LastUpgradeCheck = 0830;
				ORGANIZATIONNAME = "张玺";
				TargetAttributes = {
					33673CCA1F58FA6300ECE5D4 = {
						CreatedOnToolsVersion = 8.3.3;
						DevelopmentTeam = 8A4DC3EVW4;
						ProvisioningStyle = Automatic;
					};
					33673CE61F58FA6400ECE5D4 = {
						CreatedOnToolsVersion = 8.3.3;
						DevelopmentTeam = MS8TX68Z59;
						ProvisioningStyle = Automatic;
						TestTargetID = 33673CCA1F58FA6300ECE5D4;
					};
					33673CF11F58FA6400ECE5D4 = {
						CreatedOnToolsVersion = 8.3.3;
						DevelopmentTeam = MS8TX68Z59;
						ProvisioningStyle = Automatic;
						TestTargetID = 33673CCA1F58FA6300ECE5D4;
					};
				};
			};
			buildConfigurationList = 33673CC61F58FA6300ECE5D4 /* Build configuration list for PBXProject "KnowledgeSummaryOfObjectC" */;
			compatibilityVersion = "Xcode 3.2";
			developmentRegion = English;
			hasScannedForEncodings = 0;
			knownRegions = (
				en,
				Base,
			);
			mainGroup = 33673CC21F58FA6300ECE5D4;
			productRefGroup = 33673CCC1F58FA6400ECE5D4 /* Products */;
			projectDirPath = "";
			projectRoot = "";
			targets = (
				33673CCA1F58FA6300ECE5D4 /* KnowledgeSummaryOfObjectC */,
				33673CE61F58FA6400ECE5D4 /* KnowledgeSummaryOfObjectCTests */,
				33673CF11F58FA6400ECE5D4 /* KnowledgeSummaryOfObjectCUITests */,
			);
		};
/* End PBXProject section */

/* Begin PBXResourcesBuildPhase section */
		33673CC91F58FA6300ECE5D4 /* Resources */ = {
			isa = PBXResourcesBuildPhase;
			buildActionMask = 2147483647;
			files = (
				33673CDE1F58FA6400ECE5D4 /* Assets.xcassets in Resources */,
				332B8A311F7B80E200DE9C1A /* index.html in Resources */,
			);
			runOnlyForDeploymentPostprocessing = 0;
		};
		33673CE51F58FA6400ECE5D4 /* Resources */ = {
			isa = PBXResourcesBuildPhase;
			buildActionMask = 2147483647;
			files = (
			);
			runOnlyForDeploymentPostprocessing = 0;
		};
		33673CF01F58FA6400ECE5D4 /* Resources */ = {
			isa = PBXResourcesBuildPhase;
			buildActionMask = 2147483647;
			files = (
			);
			runOnlyForDeploymentPostprocessing = 0;
		};
/* End PBXResourcesBuildPhase section */

/* Begin PBXShellScriptBuildPhase section */
		71C215A07500B57F7D7FBC7D /* [CP] Check Pods Manifest.lock */ = {
			isa = PBXShellScriptBuildPhase;
			buildActionMask = 2147483647;
			files = (
			);
			inputPaths = (
			);
			name = "[CP] Check Pods Manifest.lock";
			outputPaths = (
			);
			runOnlyForDeploymentPostprocessing = 0;
			shellPath = /bin/sh;
			shellScript = "diff \"${PODS_PODFILE_DIR_PATH}/Podfile.lock\" \"${PODS_ROOT}/Manifest.lock\" > /dev/null\nif [ $? != 0 ] ; then\n    # print error to STDERR\n    echo \"error: The sandbox is not in sync with the Podfile.lock. Run 'pod install' or update your CocoaPods installation.\" >&2\n    exit 1\nfi\n";
			showEnvVarsInLog = 0;
		};
		8BAE6832FFC9287F72231C28 /* [CP] Copy Pods Resources */ = {
			isa = PBXShellScriptBuildPhase;
			buildActionMask = 2147483647;
			files = (
			);
			inputPaths = (
			);
			name = "[CP] Copy Pods Resources";
			outputPaths = (
			);
			runOnlyForDeploymentPostprocessing = 0;
			shellPath = /bin/sh;
			shellScript = "\"${SRCROOT}/Pods/Target Support Files/Pods-KnowledgeSummaryOfObjectC/Pods-KnowledgeSummaryOfObjectC-resources.sh\"\n";
			showEnvVarsInLog = 0;
		};
		ABB5DEBD2C6F69B68BD1F1B1 /* [CP] Embed Pods Frameworks */ = {
			isa = PBXShellScriptBuildPhase;
			buildActionMask = 2147483647;
			files = (
			);
			inputPaths = (
			);
			name = "[CP] Embed Pods Frameworks";
			outputPaths = (
			);
			runOnlyForDeploymentPostprocessing = 0;
			shellPath = /bin/sh;
			shellScript = "\"${SRCROOT}/Pods/Target Support Files/Pods-KnowledgeSummaryOfObjectC/Pods-KnowledgeSummaryOfObjectC-frameworks.sh\"\n";
			showEnvVarsInLog = 0;
		};
/* End PBXShellScriptBuildPhase section */

/* Begin PBXSourcesBuildPhase section */
		33673CC71F58FA6300ECE5D4 /* Sources */ = {
			isa = PBXSourcesBuildPhase;
			buildActionMask = 2147483647;
			files = (
				336EFD001F7DF50C00B8246F /* RacAdvanceView.m in Sources */,
				334839B01F7CF02E00BD17EE /* RacPrimaryController.m in Sources */,
				33BB26991F669E5300CDFA92 /* WebPracticeViewController.m in Sources */,
				3398DD011F63FC2400D7A872 /* ViewController.m in Sources */,
				3398DCFA1F63FC2400D7A872 /* CAShaplayerViewController.m in Sources */,
				3398DCFC1F63FC2400D7A872 /* KeyFrameViewController.m in Sources */,
				334839AF1F7CF02E00BD17EE /* RacPrimaryView.m in Sources */,
				3398DCFE1F63FC2400D7A872 /* UIBezierPathViewController.m in Sources */,
				336EFD141F7E377700B8246F /* PopViewTwoController.m in Sources */,
				33021DD11F65763500E49A29 /* CrashLocationViewController.m in Sources */,
				3398DCFB1F63FC2400D7A872 /* EarningsViewController.m in Sources */,
				3398DD061F640E0000D7A872 /* UIBezierPathCustomView.m in Sources */,
				336EFD111F7E1EC400B8246F /* PopViewOne.m in Sources */,
				33673D151F58FC1C00ECE5D4 /* UIView+Extension.m in Sources */,
				3398DCF81F63FC2400D7A872 /* AnimationAndDrawViewController.m in Sources */,
				3398DD031F63FC2400D7A872 /* MemoryManageViewController.m in Sources */,
				336EFD1D1F7E410900B8246F /* UIView+FITBackViewAddition.m in Sources */,
				336EFCFD1F7DF24200B8246F /* RacAdvanceController.m in Sources */,
				334839B11F7CF02E00BD17EE /* RACViewController.m in Sources */,
				3398DCFD1F63FC2400D7A872 /* TransformViewController.m in Sources */,
				33673D261F59035000ECE5D4 /* AppDelegate.m in Sources */,
				3398DD001F63FC2400D7A872 /* BaseViewController.m in Sources */,
				336EFD0E1F7E1E1100B8246F /* PopViewOneController.m in Sources */,
				33673CD01F58FA6400ECE5D4 /* main.m in Sources */,
				3348385C1F7CEA3100BD17EE /* BaseView.m in Sources */,
				3398DCF91F63FC2400D7A872 /* CAGradientLayerViewController.m in Sources */,
				336EFD1A1F7E388800B8246F /* PopViewTwo.m in Sources */,
				33673CDC1F58FA6400ECE5D4 /* KnowledgeSummaryOfObjectC.xcdatamodeld in Sources */,
				3398DD021F63FC2400D7A872 /* AboutCopyViewController.m in Sources */,
				332B8A2D1F7B7DB100DE9C1A /* JSCallNativeViewController.m in Sources */,
				336EFD0B1F7E1CB700B8246F /* CustomPopViewController.m in Sources */,
			);
			runOnlyForDeploymentPostprocessing = 0;
		};
		33673CE31F58FA6400ECE5D4 /* Sources */ = {
			isa = PBXSourcesBuildPhase;
			buildActionMask = 2147483647;
			files = (
				33673CEC1F58FA6400ECE5D4 /* KnowledgeSummaryOfObjectCTests.m in Sources */,
			);
			runOnlyForDeploymentPostprocessing = 0;
		};
		33673CEE1F58FA6400ECE5D4 /* Sources */ = {
			isa = PBXSourcesBuildPhase;
			buildActionMask = 2147483647;
			files = (
				33673CF71F58FA6400ECE5D4 /* KnowledgeSummaryOfObjectCUITests.m in Sources */,
			);
			runOnlyForDeploymentPostprocessing = 0;
		};
/* End PBXSourcesBuildPhase section */

/* Begin PBXTargetDependency section */
		33673CE91F58FA6400ECE5D4 /* PBXTargetDependency */ = {
			isa = PBXTargetDependency;
			target = 33673CCA1F58FA6300ECE5D4 /* KnowledgeSummaryOfObjectC */;
			targetProxy = 33673CE81F58FA6400ECE5D4 /* PBXContainerItemProxy */;
		};
		33673CF41F58FA6400ECE5D4 /* PBXTargetDependency */ = {
			isa = PBXTargetDependency;
			target = 33673CCA1F58FA6300ECE5D4 /* KnowledgeSummaryOfObjectC */;
			targetProxy = 33673CF31F58FA6400ECE5D4 /* PBXContainerItemProxy */;
		};
/* End PBXTargetDependency section */

/* Begin XCBuildConfiguration section */
		33673CF91F58FA6400ECE5D4 /* Debug */ = {
			isa = XCBuildConfiguration;
			buildSettings = {
				ALWAYS_SEARCH_USER_PATHS = NO;
				CLANG_ANALYZER_NONNULL = YES;
				CLANG_ANALYZER_NUMBER_OBJECT_CONVERSION = YES_AGGRESSIVE;
				CLANG_CXX_LANGUAGE_STANDARD = "gnu++0x";
				CLANG_CXX_LIBRARY = "libc++";
				CLANG_ENABLE_MODULES = YES;
				CLANG_ENABLE_OBJC_ARC = YES;
				CLANG_WARN_BOOL_CONVERSION = YES;
				CLANG_WARN_CONSTANT_CONVERSION = YES;
				CLANG_WARN_DIRECT_OBJC_ISA_USAGE = YES_ERROR;
				CLANG_WARN_DOCUMENTATION_COMMENTS = YES;
				CLANG_WARN_EMPTY_BODY = YES;
				CLANG_WARN_ENUM_CONVERSION = YES;
				CLANG_WARN_INFINITE_RECURSION = YES;
				CLANG_WARN_INT_CONVERSION = YES;
				CLANG_WARN_OBJC_ROOT_CLASS = YES_ERROR;
				CLANG_WARN_SUSPICIOUS_MOVE = YES;
				CLANG_WARN_UNREACHABLE_CODE = YES;
				CLANG_WARN__DUPLICATE_METHOD_MATCH = YES;
				"CODE_SIGN_IDENTITY[sdk=iphoneos*]" = "iPhone Developer";
				COPY_PHASE_STRIP = NO;
				DEBUG_INFORMATION_FORMAT = dwarf;
				ENABLE_STRICT_OBJC_MSGSEND = YES;
				ENABLE_TESTABILITY = YES;
				GCC_C_LANGUAGE_STANDARD = gnu99;
				GCC_DYNAMIC_NO_PIC = NO;
				GCC_NO_COMMON_BLOCKS = YES;
				GCC_OPTIMIZATION_LEVEL = 0;
				GCC_PREPROCESSOR_DEFINITIONS = (
					"DEBUG=1",
					"$(inherited)",
				);
				GCC_WARN_64_TO_32_BIT_CONVERSION = YES;
				GCC_WARN_ABOUT_RETURN_TYPE = YES_ERROR;
				GCC_WARN_UNDECLARED_SELECTOR = YES;
				GCC_WARN_UNINITIALIZED_AUTOS = YES_AGGRESSIVE;
				GCC_WARN_UNUSED_FUNCTION = YES;
				GCC_WARN_UNUSED_VARIABLE = YES;
				IPHONEOS_DEPLOYMENT_TARGET = 10.3;
				MTL_ENABLE_DEBUG_INFO = YES;
				ONLY_ACTIVE_ARCH = YES;
				SDKROOT = iphoneos;
				TARGETED_DEVICE_FAMILY = "1,2";
			};
			name = Debug;
		};
		33673CFA1F58FA6400ECE5D4 /* Release */ = {
			isa = XCBuildConfiguration;
			buildSettings = {
				ALWAYS_SEARCH_USER_PATHS = NO;
				CLANG_ANALYZER_NONNULL = YES;
				CLANG_ANALYZER_NUMBER_OBJECT_CONVERSION = YES_AGGRESSIVE;
				CLANG_CXX_LANGUAGE_STANDARD = "gnu++0x";
				CLANG_CXX_LIBRARY = "libc++";
				CLANG_ENABLE_MODULES = YES;
				CLANG_ENABLE_OBJC_ARC = YES;
				CLANG_WARN_BOOL_CONVERSION = YES;
				CLANG_WARN_CONSTANT_CONVERSION = YES;
				CLANG_WARN_DIRECT_OBJC_ISA_USAGE = YES_ERROR;
				CLANG_WARN_DOCUMENTATION_COMMENTS = YES;
				CLANG_WARN_EMPTY_BODY = YES;
				CLANG_WARN_ENUM_CONVERSION = YES;
				CLANG_WARN_INFINITE_RECURSION = YES;
				CLANG_WARN_INT_CONVERSION = YES;
				CLANG_WARN_OBJC_ROOT_CLASS = YES_ERROR;
				CLANG_WARN_SUSPICIOUS_MOVE = YES;
				CLANG_WARN_UNREACHABLE_CODE = YES;
				CLANG_WARN__DUPLICATE_METHOD_MATCH = YES;
				"CODE_SIGN_IDENTITY[sdk=iphoneos*]" = "iPhone Developer";
				COPY_PHASE_STRIP = NO;
				DEBUG_INFORMATION_FORMAT = "dwarf-with-dsym";
				ENABLE_NS_ASSERTIONS = NO;
				ENABLE_STRICT_OBJC_MSGSEND = YES;
				GCC_C_LANGUAGE_STANDARD = gnu99;
				GCC_NO_COMMON_BLOCKS = YES;
				GCC_WARN_64_TO_32_BIT_CONVERSION = YES;
				GCC_WARN_ABOUT_RETURN_TYPE = YES_ERROR;
				GCC_WARN_UNDECLARED_SELECTOR = YES;
				GCC_WARN_UNINITIALIZED_AUTOS = YES_AGGRESSIVE;
				GCC_WARN_UNUSED_FUNCTION = YES;
				GCC_WARN_UNUSED_VARIABLE = YES;
				IPHONEOS_DEPLOYMENT_TARGET = 10.3;
				MTL_ENABLE_DEBUG_INFO = NO;
				SDKROOT = iphoneos;
				TARGETED_DEVICE_FAMILY = "1,2";
				VALIDATE_PRODUCT = YES;
			};
			name = Release;
		};
		33673CFC1F58FA6400ECE5D4 /* Debug */ = {
			isa = XCBuildConfiguration;
			baseConfigurationReference = 0B1FBABE29897B8DFDBCA683 /* Pods-KnowledgeSummaryOfObjectC.debug.xcconfig */;
			buildSettings = {
				ASSETCATALOG_COMPILER_APPICON_NAME = AppIcon;
				"CODE_SIGN_IDENTITY[sdk=iphoneos*]" = "iPhone Developer";
				DEVELOPMENT_TEAM = 8A4DC3EVW4;
				INFOPLIST_FILE = KnowledgeSummaryOfObjectC/Info.plist;
				IPHONEOS_DEPLOYMENT_TARGET = 9.0;
				LD_RUNPATH_SEARCH_PATHS = "$(inherited) @executable_path/Frameworks";
				PRODUCT_BUNDLE_IDENTIFIER = www.zx.com.KnowledgeSummaryOfObjectC;
				PRODUCT_NAME = "$(TARGET_NAME)";
				PROVISIONING_PROFILE_SPECIFIER = "";
			};
			name = Debug;
		};
		33673CFD1F58FA6400ECE5D4 /* Release */ = {
			isa = XCBuildConfiguration;
			baseConfigurationReference = BC5241152008B32581D9AE8E /* Pods-KnowledgeSummaryOfObjectC.release.xcconfig */;
			buildSettings = {
				ASSETCATALOG_COMPILER_APPICON_NAME = AppIcon;
				"CODE_SIGN_IDENTITY[sdk=iphoneos*]" = "iPhone Developer";
				DEVELOPMENT_TEAM = 8A4DC3EVW4;
				INFOPLIST_FILE = KnowledgeSummaryOfObjectC/Info.plist;
				IPHONEOS_DEPLOYMENT_TARGET = 9.0;
				LD_RUNPATH_SEARCH_PATHS = "$(inherited) @executable_path/Frameworks";
				PRODUCT_BUNDLE_IDENTIFIER = www.zx.com.KnowledgeSummaryOfObjectC;
				PRODUCT_NAME = "$(TARGET_NAME)";
				PROVISIONING_PROFILE_SPECIFIER = "";
			};
			name = Release;
		};
		33673CFF1F58FA6400ECE5D4 /* Debug */ = {
			isa = XCBuildConfiguration;
			buildSettings = {
				BUNDLE_LOADER = "$(TEST_HOST)";
				DEVELOPMENT_TEAM = MS8TX68Z59;
				INFOPLIST_FILE = KnowledgeSummaryOfObjectCTests/Info.plist;
				LD_RUNPATH_SEARCH_PATHS = "$(inherited) @executable_path/Frameworks @loader_path/Frameworks";
				PRODUCT_BUNDLE_IDENTIFIER = www.zx.com.KnowledgeSummaryOfObjectCTests;
				PRODUCT_NAME = "$(TARGET_NAME)";
				TEST_HOST = "$(BUILT_PRODUCTS_DIR)/KnowledgeSummaryOfObjectC.app/KnowledgeSummaryOfObjectC";
			};
			name = Debug;
		};
		33673D001F58FA6400ECE5D4 /* Release */ = {
			isa = XCBuildConfiguration;
			buildSettings = {
				BUNDLE_LOADER = "$(TEST_HOST)";
				DEVELOPMENT_TEAM = MS8TX68Z59;
				INFOPLIST_FILE = KnowledgeSummaryOfObjectCTests/Info.plist;
				LD_RUNPATH_SEARCH_PATHS = "$(inherited) @executable_path/Frameworks @loader_path/Frameworks";
				PRODUCT_BUNDLE_IDENTIFIER = www.zx.com.KnowledgeSummaryOfObjectCTests;
				PRODUCT_NAME = "$(TARGET_NAME)";
				TEST_HOST = "$(BUILT_PRODUCTS_DIR)/KnowledgeSummaryOfObjectC.app/KnowledgeSummaryOfObjectC";
			};
			name = Release;
		};
		33673D021F58FA6400ECE5D4 /* Debug */ = {
			isa = XCBuildConfiguration;
			buildSettings = {
				DEVELOPMENT_TEAM = MS8TX68Z59;
				INFOPLIST_FILE = KnowledgeSummaryOfObjectCUITests/Info.plist;
				LD_RUNPATH_SEARCH_PATHS = "$(inherited) @executable_path/Frameworks @loader_path/Frameworks";
				PRODUCT_BUNDLE_IDENTIFIER = www.zx.com.KnowledgeSummaryOfObjectCUITests;
				PRODUCT_NAME = "$(TARGET_NAME)";
				TEST_TARGET_NAME = KnowledgeSummaryOfObjectC;
			};
			name = Debug;
		};
		33673D031F58FA6400ECE5D4 /* Release */ = {
			isa = XCBuildConfiguration;
			buildSettings = {
				DEVELOPMENT_TEAM = MS8TX68Z59;
				INFOPLIST_FILE = KnowledgeSummaryOfObjectCUITests/Info.plist;
				LD_RUNPATH_SEARCH_PATHS = "$(inherited) @executable_path/Frameworks @loader_path/Frameworks";
				PRODUCT_BUNDLE_IDENTIFIER = www.zx.com.KnowledgeSummaryOfObjectCUITests;
				PRODUCT_NAME = "$(TARGET_NAME)";
				TEST_TARGET_NAME = KnowledgeSummaryOfObjectC;
			};
			name = Release;
		};
/* End XCBuildConfiguration section */

/* Begin XCConfigurationList section */
		33673CC61F58FA6300ECE5D4 /* Build configuration list for PBXProject "KnowledgeSummaryOfObjectC" */ = {
			isa = XCConfigurationList;
			buildConfigurations = (
				33673CF91F58FA6400ECE5D4 /* Debug */,
				33673CFA1F58FA6400ECE5D4 /* Release */,
			);
			defaultConfigurationIsVisible = 0;
			defaultConfigurationName = Release;
		};
		33673CFB1F58FA6400ECE5D4 /* Build configuration list for PBXNativeTarget "KnowledgeSummaryOfObjectC" */ = {
			isa = XCConfigurationList;
			buildConfigurations = (
				33673CFC1F58FA6400ECE5D4 /* Debug */,
				33673CFD1F58FA6400ECE5D4 /* Release */,
			);
			defaultConfigurationIsVisible = 0;
			defaultConfigurationName = Release;
		};
		33673CFE1F58FA6400ECE5D4 /* Build configuration list for PBXNativeTarget "KnowledgeSummaryOfObjectCTests" */ = {
			isa = XCConfigurationList;
			buildConfigurations = (
				33673CFF1F58FA6400ECE5D4 /* Debug */,
				33673D001F58FA6400ECE5D4 /* Release */,
			);
			defaultConfigurationIsVisible = 0;
			defaultConfigurationName = Release;
		};
		33673D011F58FA6400ECE5D4 /* Build configuration list for PBXNativeTarget "KnowledgeSummaryOfObjectCUITests" */ = {
			isa = XCConfigurationList;
			buildConfigurations = (
				33673D021F58FA6400ECE5D4 /* Debug */,
				33673D031F58FA6400ECE5D4 /* Release */,
			);
			defaultConfigurationIsVisible = 0;
			defaultConfigurationName = Release;
		};
/* End XCConfigurationList section */

/* Begin XCVersionGroup section */
		33673CDA1F58FA6400ECE5D4 /* KnowledgeSummaryOfObjectC.xcdatamodeld */ = {
			isa = XCVersionGroup;
			children = (
				33673CDB1F58FA6400ECE5D4 /* KnowledgeSummaryOfObjectC.xcdatamodel */,
			);
			currentVersion = 33673CDB1F58FA6400ECE5D4 /* KnowledgeSummaryOfObjectC.xcdatamodel */;
			path = KnowledgeSummaryOfObjectC.xcdatamodeld;
			sourceTree = "<group>";
			versionGroupType = wrapper.xcdatamodel;
		};
/* End XCVersionGroup section */
	};
	rootObject = 33673CC31F58FA6300ECE5D4 /* Project object */;
}
