PODS:
  - BlocksKit (2.2.5):
    - BlocksKit/All (= 2.2.5)
  - BlocksKit/All (2.2.5):
    - BlocksKit/Core
    - BlocksKit/DynamicDelegate
    - BlocksKit/MessageUI
    - BlocksKit/UIKit
  - BlocksKit/Core (2.2.5)
  - BlocksKit/DynamicDelegate (2.2.5)
  - BlocksKit/MessageUI (2.2.5):
    - BlocksKit/Core
    - BlocksKit/DynamicDelegate
  - BlocksKit/UIKit (2.2.5):
    - BlocksKit/Core
    - BlocksKit/DynamicDelegate
  - FLAnimatedImage (1.0.16)
  - Masonry (1.1.0)
  - MBProgressHUD (1.2.0)
  - MJRefresh (3.7.5)
  - ReactiveObjC (3.1.1)
  - WebViewJavascriptBridge (6.0.3)
  - YYCache (1.0.4)
  - ZHXFindPro (0.3.3)
  - ZHXIndexView (0.0.3)

DEPENDENCIES:
  - BlocksKit
  - FLAnimatedImage
  - Masonry
  - MBProgressHUD
  - MJRefresh
  - ReactiveObjC
  - WebViewJavascriptBridge
  - YYCache
  - ZHXFindPro
  - ZHXIndexView

SPEC REPOS:
  "git@github.com:zhangxistudy11/ZHXFindRepos.git":
    - ZHXFindPro
  https://github.com/CocoaPods/Specs.git:
    - BlocksKit
    - FLAnimatedImage
    - Masonry
    - MBProgressHUD
    - MJRefresh
    - ReactiveObjC
    - WebViewJavascriptBridge
    - YYCache
    - ZHXIndexView

SPEC CHECKSUMS:
  BlocksKit: 7f422b971407001178d181a43b99014ea2591fe6
  FLAnimatedImage: 8f3e854ebf9680b71f0b6e700939687fc4d82b4b
  Masonry: 678fab65091a9290e40e2832a55e7ab731aad201
  MBProgressHUD: 3ee5efcc380f6a79a7cc9b363dd669c5e1ae7406
  MJRefresh: fdf5e979eb406a0341468932d1dfc8b7f9fce961
  ReactiveObjC: 011caa393aa0383245f2dcf9bf02e86b80b36040
  WebViewJavascriptBridge: 7f5bc4d3581e672e8f32bd0f812d54bc69bb8e29
  YYCache: 8105b6638f5e849296c71f331ff83891a4942952
  ZHXFindPro: 3cbbc4ca9711fcba189ff3c000be55d3f6e93163
  ZHXIndexView: e7bd78b850969061f33b2c3c2f878a5bc1702ad1

PODFILE CHECKSUM: 90214bf76089d8f48e2d2e32f8ddc6a2e4a6b79c

COCOAPODS: 1.9.1
